// !$*UTF8*$!
{
	archiveVersion = 1;
	classes = {
	};
	objectVersion = 46;
	objects = {

/* Begin PBXBuildFile section */
		091CD626FECB03B3A6B3A1B2 /* PAW.cc in Sources */ = {isa = PBXBuildFile; fileRef = 04BD78075F8C2DEC76B2F33A /* PAW.cc */; };
		10B69DE456AED1288FC9316B /* Tracker.cpp in Sources */ = {isa = PBXBuildFile; fileRef = A810DF70319A10353588F5DB /* Tracker.cpp */; };
		1D60589F0D05DD5A006BFB54 /* Foundation.framework in Frameworks */ = {isa = PBXBuildFile; fileRef = 1D30AB110D05D00D00671497 /* Foundation.framework */; };
		1DF5F4E00D08C38300B7A737 /* UIKit.framework in Frameworks */ = {isa = PBXBuildFile; fileRef = 1DF5F4DF0D08C38300B7A737 /* UIKit.framework */; };
		2023EF517ED2D8B397511D4B /* Helpers.cpp in Sources */ = {isa = PBXBuildFile; fileRef = B9076967F8C54A04362C04AA /* Helpers.cpp */; };
		24735CD2E138DC5C1F0A1085 /* ofxFaceTracker.cpp in Sources */ = {isa = PBXBuildFile; fileRef = 185BB9B07B8DB74BD2D3211F /* ofxFaceTracker.cpp */; };
		288765FD0DF74451002DB57D /* CoreGraphics.framework in Frameworks */ = {isa = PBXBuildFile; fileRef = 288765FC0DF74451002DB57D /* CoreGraphics.framework */; };
		311DF864378748129984EA1D /* Kalman.cpp in Sources */ = {isa = PBXBuildFile; fileRef = 77A1A692522820F935B58762 /* Kalman.cpp */; };
		45CC483A999BF1065A6B926C /* Distance.cpp in Sources */ = {isa = PBXBuildFile; fileRef = 9DBD717072C35D324E101669 /* Distance.cpp */; };
		4F02F4D92C36436C945A6716 /* Patch.cc in Sources */ = {isa = PBXBuildFile; fileRef = 3769B74412282AEFEBDD8C86 /* Patch.cc */; };
		5326AEA810A23A0500278DE6 /* CoreLocation.framework in Frameworks */ = {isa = PBXBuildFile; fileRef = 5326AEA710A23A0500278DE6 /* CoreLocation.framework */; };
		53F323EB10A20EDB00E0DAE4 /* OpenAL.framework in Frameworks */ = {isa = PBXBuildFile; fileRef = 53F323EA10A20EDB00E0DAE4 /* OpenAL.framework */; };
		5CC34D433F5806179935B89D /* Flow.cpp in Sources */ = {isa = PBXBuildFile; fileRef = 03A75A648BC4CF1D9DEDD0CE /* Flow.cpp */; };
		678E130817951530005B6D19 /* Icon@2x.png in Resources */ = {isa = PBXBuildFile; fileRef = 678E130717951530005B6D19 /* Icon@2x.png */; };
		678E130A17951536005B6D19 /* Icon.png in Resources */ = {isa = PBXBuildFile; fileRef = 678E130917951536005B6D19 /* Icon.png */; };
		678E130C1795153C005B6D19 /* Default.png in Resources */ = {isa = PBXBuildFile; fileRef = 678E130B1795153C005B6D19 /* Default.png */; };
		678E130E17951540005B6D19 /* Default@2x.png in Resources */ = {isa = PBXBuildFile; fileRef = 678E130D17951540005B6D19 /* Default@2x.png */; };
		678E131017951549005B6D19 /* Default-568h@2x~iphone.png in Resources */ = {isa = PBXBuildFile; fileRef = 678E130F17951549005B6D19 /* Default-568h@2x~iphone.png */; };
		6AABAB39E82AF5CFEA23A205 /* ContourFinder.cpp in Sources */ = {isa = PBXBuildFile; fileRef = 5FBB4A8427353AED09174BE5 /* ContourFinder.cpp */; };
		6E23C8DD86B189759F85B24F /* FDet.cc in Sources */ = {isa = PBXBuildFile; fileRef = CF243F4577A116D71116C5C8 /* FDet.cc */; };
		7CDAD32BE4FA46701E3552C7 /* RunningBackground.cpp in Sources */ = {isa = PBXBuildFile; fileRef = 5CBF6AED6A17AC0C17F63CC4 /* RunningBackground.cpp */; };
		80AE40254BBE0F03C25563C1 /* CLM.cc in Sources */ = {isa = PBXBuildFile; fileRef = BE9718AC2BA4516A804EE019 /* CLM.cc */; };
		8AC885FBC5325950337592D2 /* ExpressionClassifier.cpp in Sources */ = {isa = PBXBuildFile; fileRef = C4F6F873496C3527A28B87F4 /* ExpressionClassifier.cpp */; };
		9F4DA577D30F7B7CA7B8E5F8 /* FCheck.cc in Sources */ = {isa = PBXBuildFile; fileRef = C415F439B09BAEBA3FB3710F /* FCheck.cc */; };
		A6668C5B1272D7FCD5B5A16F /* Utilities.cpp in Sources */ = {isa = PBXBuildFile; fileRef = 6CEC50DB3D06414010233963 /* Utilities.cpp */; };
		B6840996567E78436F7ECFAB /* ETF.cpp in Sources */ = {isa = PBXBuildFile; fileRef = B047FF96258DC01792B272DB /* ETF.cpp */; };
		BB16EBD20F2B2A9500518274 /* OpenGLES.framework in Frameworks */ = {isa = PBXBuildFile; fileRef = BB16EBD10F2B2A9500518274 /* OpenGLES.framework */; };
		BB16EBD90F2B2AB500518274 /* QuartzCore.framework in Frameworks */ = {isa = PBXBuildFile; fileRef = BB16EBD80F2B2AB500518274 /* QuartzCore.framework */; };
		BBE5EAB80F49AD8400F28951 /* AudioToolbox.framework in Frameworks */ = {isa = PBXBuildFile; fileRef = BBE5EAB70F49AD8400F28951 /* AudioToolbox.framework */; };
		C602002DE761F9B52DB4400A /* ObjectFinder.cpp in Sources */ = {isa = PBXBuildFile; fileRef = AE75A3FBA2C2D87D14F06FE6 /* ObjectFinder.cpp */; };
		DBCB84A37F9AECC254870D79 /* Wrappers.cpp in Sources */ = {isa = PBXBuildFile; fileRef = D347FB65D19015303863922A /* Wrappers.cpp */; };
		DE44164709810C299EAAB202 /* IO.cc in Sources */ = {isa = PBXBuildFile; fileRef = D0FB15518FE16B361D561235 /* IO.cc */; };
		E41D3ED713B38FB500A75A5D /* Project.xcconfig in Resources */ = {isa = PBXBuildFile; fileRef = E41D3ED613B38FB500A75A5D /* Project.xcconfig */; };
		E41D3EE613B3906D00A75A5D /* CoreOF.xcconfig in Resources */ = {isa = PBXBuildFile; fileRef = E41D3EE513B3906D00A75A5D /* CoreOF.xcconfig */; };
		E41D400B13B39D2100A75A5D /* AVFoundation.framework in Frameworks */ = {isa = PBXBuildFile; fileRef = E41D400613B39D2100A75A5D /* AVFoundation.framework */; };
		E41D400C13B39D2100A75A5D /* CoreMedia.framework in Frameworks */ = {isa = PBXBuildFile; fileRef = E41D400713B39D2100A75A5D /* CoreMedia.framework */; };
		E41D400D13B39D2100A75A5D /* CoreVideo.framework in Frameworks */ = {isa = PBXBuildFile; fileRef = E41D400813B39D2100A75A5D /* CoreVideo.framework */; };
		E41D400E13B39D2100A75A5D /* MapKit.framework in Frameworks */ = {isa = PBXBuildFile; fileRef = E41D400913B39D2100A75A5D /* MapKit.framework */; };
		E41D421413B3A95300A75A5D /* libofxiOS_iphoneos_Debug.a in Frameworks */ = {isa = PBXBuildFile; fileRef = E41D410213B3A0D800A75A5D /* libofxiOS_iphoneos_Debug.a */; };
		E43C5A4AB73C09290F70362D /* Tracker.cc in Sources */ = {isa = PBXBuildFile; fileRef = 6B019CCE940383653B1DBB5B /* Tracker.cc */; };
		E4A823A412561BE3002F86A2 /* CoreGraphics.framework in Frameworks */ = {isa = PBXBuildFile; fileRef = E4A823A312561BE3002F86A2 /* CoreGraphics.framework */; };
		E4D8936E11527B74007E1F53 /* main.mm in Sources */ = {isa = PBXBuildFile; fileRef = E4D8936B11527B74007E1F53 /* main.mm */; };
		E4D8936F11527B74007E1F53 /* ofApp.mm in Sources */ = {isa = PBXBuildFile; fileRef = E4D8936D11527B74007E1F53 /* ofApp.mm */; };
		E6E21460246219EE9394310F /* PDM.cc in Sources */ = {isa = PBXBuildFile; fileRef = DAE0121070E51316AFDAA2AE /* PDM.cc */; };
		EBCDE831EFAE08274E799C97 /* Calibration.cpp in Sources */ = {isa = PBXBuildFile; fileRef = 402C8F4015542356D362AC88 /* Calibration.cpp */; };
		F451166A6C72528F3F009F6C /* Expression.cpp in Sources */ = {isa = PBXBuildFile; fileRef = 4A540C8561D44FEEAF5641D0 /* Expression.cpp */; };
		F76B4A79BD8DE4854141CB47 /* fdog.cpp in Sources */ = {isa = PBXBuildFile; fileRef = A2D8249D46647E3C51769CDE /* fdog.cpp */; };
		F8AC169F19B0A82B004104BD /* addon_config.mk in Resources */ = {isa = PBXBuildFile; fileRef = F8AC161719B0A82B004104BD /* addon_config.mk */; };
		F8AC16A019B0A82B004104BD /* opencv_calib3d.a in Frameworks */ = {isa = PBXBuildFile; fileRef = F8AC167E19B0A82B004104BD /* opencv_calib3d.a */; };
		F8AC16A119B0A82B004104BD /* opencv_contrib.a in Frameworks */ = {isa = PBXBuildFile; fileRef = F8AC167F19B0A82B004104BD /* opencv_contrib.a */; };
		F8AC16A219B0A82B004104BD /* opencv_core.a in Frameworks */ = {isa = PBXBuildFile; fileRef = F8AC168019B0A82B004104BD /* opencv_core.a */; };
		F8AC16A319B0A82B004104BD /* opencv_features2d.a in Frameworks */ = {isa = PBXBuildFile; fileRef = F8AC168119B0A82B004104BD /* opencv_features2d.a */; };
		F8AC16A419B0A82B004104BD /* opencv_flann.a in Frameworks */ = {isa = PBXBuildFile; fileRef = F8AC168219B0A82B004104BD /* opencv_flann.a */; };
		F8AC16A519B0A82B004104BD /* opencv_gpu.a in Frameworks */ = {isa = PBXBuildFile; fileRef = F8AC168319B0A82B004104BD /* opencv_gpu.a */; };
		F8AC16A619B0A82B004104BD /* opencv_highgui.a in Frameworks */ = {isa = PBXBuildFile; fileRef = F8AC168419B0A82B004104BD /* opencv_highgui.a */; };
		F8AC16A719B0A82B004104BD /* opencv_imgproc.a in Frameworks */ = {isa = PBXBuildFile; fileRef = F8AC168519B0A82B004104BD /* opencv_imgproc.a */; };
		F8AC16A819B0A82B004104BD /* opencv_legacy.a in Frameworks */ = {isa = PBXBuildFile; fileRef = F8AC168619B0A82B004104BD /* opencv_legacy.a */; };
		F8AC16A919B0A82B004104BD /* opencv_ml.a in Frameworks */ = {isa = PBXBuildFile; fileRef = F8AC168719B0A82B004104BD /* opencv_ml.a */; };
		F8AC16AA19B0A82B004104BD /* opencv_objdetect.a in Frameworks */ = {isa = PBXBuildFile; fileRef = F8AC168819B0A82B004104BD /* opencv_objdetect.a */; };
		F8AC16AB19B0A82B004104BD /* opencv_video.a in Frameworks */ = {isa = PBXBuildFile; fileRef = F8AC168919B0A82B004104BD /* opencv_video.a */; };
		F8AC16AC19B0A82B004104BD /* zlib.a in Frameworks */ = {isa = PBXBuildFile; fileRef = F8AC168A19B0A82B004104BD /* zlib.a */; };
		F8AC16AD19B0A82B004104BD /* opencv.a in Frameworks */ = {isa = PBXBuildFile; fileRef = F8AC168C19B0A82B004104BD /* opencv.a */; };
		F8AC16AE19B0A82B004104BD /* ofxCvColorImage.cpp in Sources */ = {isa = PBXBuildFile; fileRef = F8AC168F19B0A82B004104BD /* ofxCvColorImage.cpp */; };
		F8AC16AF19B0A82B004104BD /* ofxCvContourFinder.cpp in Sources */ = {isa = PBXBuildFile; fileRef = F8AC169219B0A82B004104BD /* ofxCvContourFinder.cpp */; };
		F8AC16B019B0A82B004104BD /* ofxCvFloatImage.cpp in Sources */ = {isa = PBXBuildFile; fileRef = F8AC169419B0A82B004104BD /* ofxCvFloatImage.cpp */; };
		F8AC16B119B0A82B004104BD /* ofxCvGrayscaleImage.cpp in Sources */ = {isa = PBXBuildFile; fileRef = F8AC169619B0A82B004104BD /* ofxCvGrayscaleImage.cpp */; };
		F8AC16B219B0A82B004104BD /* ofxCvHaarFinder.cpp in Sources */ = {isa = PBXBuildFile; fileRef = F8AC169819B0A82B004104BD /* ofxCvHaarFinder.cpp */; };
		F8AC16B319B0A82B004104BD /* ofxCvImage.cpp in Sources */ = {isa = PBXBuildFile; fileRef = F8AC169A19B0A82B004104BD /* ofxCvImage.cpp */; };
		F8AC16B419B0A82B004104BD /* ofxCvShortImage.cpp in Sources */ = {isa = PBXBuildFile; fileRef = F8AC169C19B0A82B004104BD /* ofxCvShortImage.cpp */; };
/* End PBXBuildFile section */

/* Begin PBXContainerItemProxy section */
		E41D410113B3A0D800A75A5D /* PBXContainerItemProxy */ = {
			isa = PBXContainerItemProxy;
			containerPortal = E41D40FD13B3A0D800A75A5D /* iOS+OFLib.xcodeproj */;
			proxyType = 2;
			remoteGlobalIDString = BB24DED610DA7A3F00E9C588;
			remoteInfo = "iPhone+OF Static Library";
		};
		E41D410313B3A11300A75A5D /* PBXContainerItemProxy */ = {
			isa = PBXContainerItemProxy;
			containerPortal = E41D40FD13B3A0D800A75A5D /* iOS+OFLib.xcodeproj */;
			proxyType = 1;
			remoteGlobalIDString = BB24DE5C10DA7A3F00E9C588;
			remoteInfo = "iPhone+OF Static Library";
		};
/* End PBXContainerItemProxy section */

/* Begin PBXFileReference section */
		03A75A648BC4CF1D9DEDD0CE /* Flow.cpp */ = {isa = PBXFileReference; explicitFileType = sourcecode.cpp.cpp; fileEncoding = 30; name = Flow.cpp; path = ../../../addons/ofxCv/libs/ofxCv/src/Flow.cpp; sourceTree = SOURCE_ROOT; };
		04BD78075F8C2DEC76B2F33A /* PAW.cc */ = {isa = PBXFileReference; explicitFileType = sourcecode.cpp.cpp; fileEncoding = 30; name = PAW.cc; path = ../../../addons/ofxFaceTracker/libs/FaceTracker/src/lib/PAW.cc; sourceTree = SOURCE_ROOT; };
		178547E33CE398C7B59F08AB /* ContourFinder.h */ = {isa = PBXFileReference; explicitFileType = sourcecode.c.h; fileEncoding = 30; name = ContourFinder.h; path = ../../../addons/ofxCv/libs/ofxCv/include/ofxCv/ContourFinder.h; sourceTree = SOURCE_ROOT; };
		185BB9B07B8DB74BD2D3211F /* ofxFaceTracker.cpp */ = {isa = PBXFileReference; explicitFileType = sourcecode.cpp.cpp; fileEncoding = 30; name = ofxFaceTracker.cpp; path = ../../../addons/ofxFaceTracker/src/ofxFaceTracker.cpp; sourceTree = SOURCE_ROOT; };
		19660B42DF06415007708495 /* IO.h */ = {isa = PBXFileReference; explicitFileType = sourcecode.c.h; fileEncoding = 30; name = IO.h; path = ../../../addons/ofxFaceTracker/libs/FaceTracker/include/FaceTracker/IO.h; sourceTree = SOURCE_ROOT; };
		1D30AB110D05D00D00671497 /* Foundation.framework */ = {isa = PBXFileReference; lastKnownFileType = wrapper.framework; name = Foundation.framework; path = System/Library/Frameworks/Foundation.framework; sourceTree = SDKROOT; };
		1D6058910D05DD3D006BFB54 /* faceScrambleiOS.app */ = {isa = PBXFileReference; explicitFileType = wrapper.application; includeInIndex = 0; path = faceScrambleiOS.app; sourceTree = BUILT_PRODUCTS_DIR; };
		1DF5F4DF0D08C38300B7A737 /* UIKit.framework */ = {isa = PBXFileReference; lastKnownFileType = wrapper.framework; name = UIKit.framework; path = System/Library/Frameworks/UIKit.framework; sourceTree = SDKROOT; };
		288765FC0DF74451002DB57D /* CoreGraphics.framework */ = {isa = PBXFileReference; lastKnownFileType = wrapper.framework; name = CoreGraphics.framework; path = System/Library/Frameworks/CoreGraphics.framework; sourceTree = SDKROOT; };
		325BD94FFB93161BBC68336E /* ofxCv.h */ = {isa = PBXFileReference; explicitFileType = sourcecode.c.h; fileEncoding = 30; name = ofxCv.h; path = ../../../addons/ofxCv/src/ofxCv.h; sourceTree = SOURCE_ROOT; };
		32CA4F630368D1EE00C91783 /* ofxiOS_Prefix.pch */ = {isa = PBXFileReference; fileEncoding = 4; lastKnownFileType = sourcecode.c.h; path = ofxiOS_Prefix.pch; sourceTree = "<group>"; };
		3769B74412282AEFEBDD8C86 /* Patch.cc */ = {isa = PBXFileReference; explicitFileType = sourcecode.cpp.cpp; fileEncoding = 30; name = Patch.cc; path = ../../../addons/ofxFaceTracker/libs/FaceTracker/src/lib/Patch.cc; sourceTree = SOURCE_ROOT; };
		402C8F4015542356D362AC88 /* Calibration.cpp */ = {isa = PBXFileReference; explicitFileType = sourcecode.cpp.cpp; fileEncoding = 30; name = Calibration.cpp; path = ../../../addons/ofxCv/libs/ofxCv/src/Calibration.cpp; sourceTree = SOURCE_ROOT; };
		4524C0ED0C2DD3E085CE3350 /* ObjectFinder.h */ = {isa = PBXFileReference; explicitFileType = sourcecode.c.h; fileEncoding = 30; name = ObjectFinder.h; path = ../../../addons/ofxCv/libs/ofxCv/include/ofxCv/ObjectFinder.h; sourceTree = SOURCE_ROOT; };
		4A520FABAFEBECF618A87D91 /* FDet.h */ = {isa = PBXFileReference; explicitFileType = sourcecode.c.h; fileEncoding = 30; name = FDet.h; path = ../../../addons/ofxFaceTracker/libs/FaceTracker/include/FaceTracker/FDet.h; sourceTree = SOURCE_ROOT; };
		4A540C8561D44FEEAF5641D0 /* Expression.cpp */ = {isa = PBXFileReference; explicitFileType = sourcecode.cpp.cpp; fileEncoding = 30; name = Expression.cpp; path = ../../../addons/ofxFaceTracker/src/Expression.cpp; sourceTree = SOURCE_ROOT; };
		4ED0189D042D221948271DA2 /* PAW.h */ = {isa = PBXFileReference; explicitFileType = sourcecode.c.h; fileEncoding = 30; name = PAW.h; path = ../../../addons/ofxFaceTracker/libs/FaceTracker/include/FaceTracker/PAW.h; sourceTree = SOURCE_ROOT; };
		5034E204517C46FCBAB26BB3 /* FCheck.h */ = {isa = PBXFileReference; explicitFileType = sourcecode.c.h; fileEncoding = 30; name = FCheck.h; path = ../../../addons/ofxFaceTracker/libs/FaceTracker/include/FaceTracker/FCheck.h; sourceTree = SOURCE_ROOT; };
		5326AEA710A23A0500278DE6 /* CoreLocation.framework */ = {isa = PBXFileReference; lastKnownFileType = wrapper.framework; name = CoreLocation.framework; path = System/Library/Frameworks/CoreLocation.framework; sourceTree = SDKROOT; };
		53F323EA10A20EDB00E0DAE4 /* OpenAL.framework */ = {isa = PBXFileReference; lastKnownFileType = wrapper.framework; name = OpenAL.framework; path = System/Library/Frameworks/OpenAL.framework; sourceTree = SDKROOT; };
		58140E0F92D37844E9C8883D /* Calibration.h */ = {isa = PBXFileReference; explicitFileType = sourcecode.c.h; fileEncoding = 30; name = Calibration.h; path = ../../../addons/ofxCv/libs/ofxCv/include/ofxCv/Calibration.h; sourceTree = SOURCE_ROOT; };
		5CBF6AED6A17AC0C17F63CC4 /* RunningBackground.cpp */ = {isa = PBXFileReference; explicitFileType = sourcecode.cpp.cpp; fileEncoding = 30; name = RunningBackground.cpp; path = ../../../addons/ofxCv/libs/ofxCv/src/RunningBackground.cpp; sourceTree = SOURCE_ROOT; };
		5FBB4A8427353AED09174BE5 /* ContourFinder.cpp */ = {isa = PBXFileReference; explicitFileType = sourcecode.cpp.cpp; fileEncoding = 30; name = ContourFinder.cpp; path = ../../../addons/ofxCv/libs/ofxCv/src/ContourFinder.cpp; sourceTree = SOURCE_ROOT; };
		678E130717951530005B6D19 /* Icon@2x.png */ = {isa = PBXFileReference; lastKnownFileType = image.png; name = "Icon@2x.png"; path = "bin/data/Icon@2x.png"; sourceTree = "<group>"; };
		678E130917951536005B6D19 /* Icon.png */ = {isa = PBXFileReference; lastKnownFileType = image.png; name = Icon.png; path = bin/data/Icon.png; sourceTree = "<group>"; };
		678E130B1795153C005B6D19 /* Default.png */ = {isa = PBXFileReference; lastKnownFileType = image.png; name = Default.png; path = bin/data/Default.png; sourceTree = "<group>"; };
		678E130D17951540005B6D19 /* Default@2x.png */ = {isa = PBXFileReference; lastKnownFileType = image.png; name = "Default@2x.png"; path = "bin/data/Default@2x.png"; sourceTree = "<group>"; };
		678E130F17951549005B6D19 /* Default-568h@2x~iphone.png */ = {isa = PBXFileReference; lastKnownFileType = image.png; name = "Default-568h@2x~iphone.png"; path = "bin/data/Default-568h@2x~iphone.png"; sourceTree = "<group>"; };
		6B019CCE940383653B1DBB5B /* Tracker.cc */ = {isa = PBXFileReference; explicitFileType = sourcecode.cpp.cpp; fileEncoding = 30; name = Tracker.cc; path = ../../../addons/ofxFaceTracker/libs/FaceTracker/src/lib/Tracker.cc; sourceTree = SOURCE_ROOT; };
		6B3CDFD1A15E92F074E7D5AE /* RunningBackground.h */ = {isa = PBXFileReference; explicitFileType = sourcecode.c.h; fileEncoding = 30; name = RunningBackground.h; path = ../../../addons/ofxCv/libs/ofxCv/include/ofxCv/RunningBackground.h; sourceTree = SOURCE_ROOT; };
		6CEC50DB3D06414010233963 /* Utilities.cpp */ = {isa = PBXFileReference; explicitFileType = sourcecode.cpp.cpp; fileEncoding = 30; name = Utilities.cpp; path = ../../../addons/ofxCv/libs/ofxCv/src/Utilities.cpp; sourceTree = SOURCE_ROOT; };
		70046E043EDDB466ED625C3B /* Tracker.h */ = {isa = PBXFileReference; explicitFileType = sourcecode.c.h; fileEncoding = 30; name = Tracker.h; path = ../../../addons/ofxCv/libs/ofxCv/include/ofxCv/Tracker.h; sourceTree = SOURCE_ROOT; };
		73157AAE32787C63313C7D8E /* Wrappers.h */ = {isa = PBXFileReference; explicitFileType = sourcecode.c.h; fileEncoding = 30; name = Wrappers.h; path = ../../../addons/ofxCv/libs/ofxCv/include/ofxCv/Wrappers.h; sourceTree = SOURCE_ROOT; };
		77A1A692522820F935B58762 /* Kalman.cpp */ = {isa = PBXFileReference; explicitFileType = sourcecode.cpp.cpp; fileEncoding = 30; name = Kalman.cpp; path = ../../../addons/ofxCv/libs/ofxCv/src/Kalman.cpp; sourceTree = SOURCE_ROOT; };
		820102E51B125101D727B3CC /* ETF.h */ = {isa = PBXFileReference; explicitFileType = sourcecode.c.h; fileEncoding = 30; name = ETF.h; path = ../../../addons/ofxCv/libs/CLD/include/CLD/ETF.h; sourceTree = SOURCE_ROOT; };
		8326CDEDA153D242D924D2B6 /* Flow.h */ = {isa = PBXFileReference; explicitFileType = sourcecode.c.h; fileEncoding = 30; name = Flow.h; path = ../../../addons/ofxCv/libs/ofxCv/include/ofxCv/Flow.h; sourceTree = SOURCE_ROOT; };
		84D3470A12DEE51F320224AC /* Utilities.h */ = {isa = PBXFileReference; explicitFileType = sourcecode.c.h; fileEncoding = 30; name = Utilities.h; path = ../../../addons/ofxCv/libs/ofxCv/include/ofxCv/Utilities.h; sourceTree = SOURCE_ROOT; };
		8738DE90218B1E9054A88B54 /* Helpers.h */ = {isa = PBXFileReference; explicitFileType = sourcecode.c.h; fileEncoding = 30; name = Helpers.h; path = ../../../addons/ofxCv/libs/ofxCv/include/ofxCv/Helpers.h; sourceTree = SOURCE_ROOT; };
		9983B45C4BCBC6E62F11CA89 /* ofxFaceTracker.h */ = {isa = PBXFileReference; explicitFileType = sourcecode.c.h; fileEncoding = 30; name = ofxFaceTracker.h; path = ../../../addons/ofxFaceTracker/src/ofxFaceTracker.h; sourceTree = SOURCE_ROOT; };
		9DBD717072C35D324E101669 /* Distance.cpp */ = {isa = PBXFileReference; explicitFileType = sourcecode.cpp.cpp; fileEncoding = 30; name = Distance.cpp; path = ../../../addons/ofxCv/libs/ofxCv/src/Distance.cpp; sourceTree = SOURCE_ROOT; };
		A2D8249D46647E3C51769CDE /* fdog.cpp */ = {isa = PBXFileReference; explicitFileType = sourcecode.cpp.cpp; fileEncoding = 30; name = fdog.cpp; path = ../../../addons/ofxCv/libs/CLD/src/fdog.cpp; sourceTree = SOURCE_ROOT; };
		A810DF70319A10353588F5DB /* Tracker.cpp */ = {isa = PBXFileReference; explicitFileType = sourcecode.cpp.cpp; fileEncoding = 30; name = Tracker.cpp; path = ../../../addons/ofxCv/libs/ofxCv/src/Tracker.cpp; sourceTree = SOURCE_ROOT; };
		AE75A3FBA2C2D87D14F06FE6 /* ObjectFinder.cpp */ = {isa = PBXFileReference; explicitFileType = sourcecode.cpp.cpp; fileEncoding = 30; name = ObjectFinder.cpp; path = ../../../addons/ofxCv/libs/ofxCv/src/ObjectFinder.cpp; sourceTree = SOURCE_ROOT; };
		B047FF96258DC01792B272DB /* ETF.cpp */ = {isa = PBXFileReference; explicitFileType = sourcecode.cpp.cpp; fileEncoding = 30; name = ETF.cpp; path = ../../../addons/ofxCv/libs/CLD/src/ETF.cpp; sourceTree = SOURCE_ROOT; };
		B9076967F8C54A04362C04AA /* Helpers.cpp */ = {isa = PBXFileReference; explicitFileType = sourcecode.cpp.cpp; fileEncoding = 30; name = Helpers.cpp; path = ../../../addons/ofxCv/libs/ofxCv/src/Helpers.cpp; sourceTree = SOURCE_ROOT; };
		BB16EBD10F2B2A9500518274 /* OpenGLES.framework */ = {isa = PBXFileReference; lastKnownFileType = wrapper.framework; name = OpenGLES.framework; path = System/Library/Frameworks/OpenGLES.framework; sourceTree = SDKROOT; };
		BB16EBD80F2B2AB500518274 /* QuartzCore.framework */ = {isa = PBXFileReference; lastKnownFileType = wrapper.framework; name = QuartzCore.framework; path = System/Library/Frameworks/QuartzCore.framework; sourceTree = SDKROOT; };
		BB24DDC910DA781C00E9C588 /* ofxiOS-Info.plist */ = {isa = PBXFileReference; fileEncoding = 4; lastKnownFileType = text.plist.xml; path = "ofxiOS-Info.plist"; sourceTree = "<group>"; };
		BBE5EAB70F49AD8400F28951 /* AudioToolbox.framework */ = {isa = PBXFileReference; lastKnownFileType = wrapper.framework; name = AudioToolbox.framework; path = System/Library/Frameworks/AudioToolbox.framework; sourceTree = SDKROOT; };
		BC378899A000AA03D8319C6D /* ofxFaceTrackerThreaded.h */ = {isa = PBXFileReference; explicitFileType = sourcecode.c.h; fileEncoding = 30; name = ofxFaceTrackerThreaded.h; path = ../../../addons/ofxFaceTracker/src/ofxFaceTrackerThreaded.h; sourceTree = SOURCE_ROOT; };
		BE9718AC2BA4516A804EE019 /* CLM.cc */ = {isa = PBXFileReference; explicitFileType = sourcecode.cpp.cpp; fileEncoding = 30; name = CLM.cc; path = ../../../addons/ofxFaceTracker/libs/FaceTracker/src/lib/CLM.cc; sourceTree = SOURCE_ROOT; };
		C415F439B09BAEBA3FB3710F /* FCheck.cc */ = {isa = PBXFileReference; explicitFileType = sourcecode.cpp.cpp; fileEncoding = 30; name = FCheck.cc; path = ../../../addons/ofxFaceTracker/libs/FaceTracker/src/lib/FCheck.cc; sourceTree = SOURCE_ROOT; };
		C4F6F873496C3527A28B87F4 /* ExpressionClassifier.cpp */ = {isa = PBXFileReference; explicitFileType = sourcecode.cpp.cpp; fileEncoding = 30; name = ExpressionClassifier.cpp; path = ../../../addons/ofxFaceTracker/src/ExpressionClassifier.cpp; sourceTree = SOURCE_ROOT; };
		C85A383D09885563499FA901 /* PDM.h */ = {isa = PBXFileReference; explicitFileType = sourcecode.c.h; fileEncoding = 30; name = PDM.h; path = ../../../addons/ofxFaceTracker/libs/FaceTracker/include/FaceTracker/PDM.h; sourceTree = SOURCE_ROOT; };
		CC455256CE0ECFE328853737 /* fdog.h */ = {isa = PBXFileReference; explicitFileType = sourcecode.c.h; fileEncoding = 30; name = fdog.h; path = ../../../addons/ofxCv/libs/CLD/include/CLD/fdog.h; sourceTree = SOURCE_ROOT; };
		CF243F4577A116D71116C5C8 /* FDet.cc */ = {isa = PBXFileReference; explicitFileType = sourcecode.cpp.cpp; fileEncoding = 30; name = FDet.cc; path = ../../../addons/ofxFaceTracker/libs/FaceTracker/src/lib/FDet.cc; sourceTree = SOURCE_ROOT; };
		D0FB15518FE16B361D561235 /* IO.cc */ = {isa = PBXFileReference; explicitFileType = sourcecode.cpp.cpp; fileEncoding = 30; name = IO.cc; path = ../../../addons/ofxFaceTracker/libs/FaceTracker/src/lib/IO.cc; sourceTree = SOURCE_ROOT; };
		D29DD28C195CD81267F3C8A1 /* Distance.h */ = {isa = PBXFileReference; explicitFileType = sourcecode.c.h; fileEncoding = 30; name = Distance.h; path = ../../../addons/ofxCv/libs/ofxCv/include/ofxCv/Distance.h; sourceTree = SOURCE_ROOT; };
		D347FB65D19015303863922A /* Wrappers.cpp */ = {isa = PBXFileReference; explicitFileType = sourcecode.cpp.cpp; fileEncoding = 30; name = Wrappers.cpp; path = ../../../addons/ofxCv/libs/ofxCv/src/Wrappers.cpp; sourceTree = SOURCE_ROOT; };
		D6D617703C368FA860A714A8 /* CLM.h */ = {isa = PBXFileReference; explicitFileType = sourcecode.c.h; fileEncoding = 30; name = CLM.h; path = ../../../addons/ofxFaceTracker/libs/FaceTracker/include/FaceTracker/CLM.h; sourceTree = SOURCE_ROOT; };
		D7FC0C82351EE2E8ED7786B0 /* ExpressionClassifier.h */ = {isa = PBXFileReference; explicitFileType = sourcecode.c.h; fileEncoding = 30; name = ExpressionClassifier.h; path = ../../../addons/ofxFaceTracker/src/ExpressionClassifier.h; sourceTree = SOURCE_ROOT; };
		DAE0121070E51316AFDAA2AE /* PDM.cc */ = {isa = PBXFileReference; explicitFileType = sourcecode.cpp.cpp; fileEncoding = 30; name = PDM.cc; path = ../../../addons/ofxFaceTracker/libs/FaceTracker/src/lib/PDM.cc; sourceTree = SOURCE_ROOT; };
		DB0CD4C938C079DCD67222FE /* imatrix.h */ = {isa = PBXFileReference; explicitFileType = sourcecode.c.h; fileEncoding = 30; name = imatrix.h; path = ../../../addons/ofxCv/libs/CLD/include/CLD/imatrix.h; sourceTree = SOURCE_ROOT; };
		E41D3ED613B38FB500A75A5D /* Project.xcconfig */ = {isa = PBXFileReference; fileEncoding = 4; lastKnownFileType = text.xcconfig; path = Project.xcconfig; sourceTree = "<group>"; };
		E41D3EE513B3906D00A75A5D /* CoreOF.xcconfig */ = {isa = PBXFileReference; fileEncoding = 4; lastKnownFileType = text.xcconfig; name = CoreOF.xcconfig; path = ../../../libs/openFrameworksCompiled/project/ios/CoreOF.xcconfig; sourceTree = SOURCE_ROOT; };
		E41D400613B39D2100A75A5D /* AVFoundation.framework */ = {isa = PBXFileReference; lastKnownFileType = wrapper.framework; name = AVFoundation.framework; path = System/Library/Frameworks/AVFoundation.framework; sourceTree = SDKROOT; };
		E41D400713B39D2100A75A5D /* CoreMedia.framework */ = {isa = PBXFileReference; lastKnownFileType = wrapper.framework; name = CoreMedia.framework; path = System/Library/Frameworks/CoreMedia.framework; sourceTree = SDKROOT; };
		E41D400813B39D2100A75A5D /* CoreVideo.framework */ = {isa = PBXFileReference; lastKnownFileType = wrapper.framework; name = CoreVideo.framework; path = System/Library/Frameworks/CoreVideo.framework; sourceTree = SDKROOT; };
		E41D400913B39D2100A75A5D /* MapKit.framework */ = {isa = PBXFileReference; lastKnownFileType = wrapper.framework; name = MapKit.framework; path = System/Library/Frameworks/MapKit.framework; sourceTree = SDKROOT; };
		E41D40FD13B3A0D800A75A5D /* iOS+OFLib.xcodeproj */ = {isa = PBXFileReference; lastKnownFileType = "wrapper.pb-project"; name = "iOS+OFLib.xcodeproj"; path = "../../../libs/openFrameworksCompiled/project/ios/iOS+OFLib.xcodeproj"; sourceTree = SOURCE_ROOT; };
		E45FD4B5C40A57B52BBDF8FE /* Tracker.h */ = {isa = PBXFileReference; explicitFileType = sourcecode.c.h; fileEncoding = 30; name = Tracker.h; path = ../../../addons/ofxFaceTracker/libs/FaceTracker/include/FaceTracker/Tracker.h; sourceTree = SOURCE_ROOT; };
		E4A823A312561BE3002F86A2 /* CoreGraphics.framework */ = {isa = PBXFileReference; lastKnownFileType = wrapper.framework; name = CoreGraphics.framework; path = System/Library/Frameworks/CoreGraphics.framework; sourceTree = SDKROOT; };
		E4D8936B11527B74007E1F53 /* main.mm */ = {isa = PBXFileReference; fileEncoding = 4; lastKnownFileType = sourcecode.cpp.objcpp; name = main.mm; path = src/main.mm; sourceTree = SOURCE_ROOT; };
		E4D8936C11527B74007E1F53 /* ofApp.h */ = {isa = PBXFileReference; fileEncoding = 4; lastKnownFileType = sourcecode.c.h; name = ofApp.h; path = src/ofApp.h; sourceTree = SOURCE_ROOT; };
		E4D8936D11527B74007E1F53 /* ofApp.mm */ = {isa = PBXFileReference; fileEncoding = 4; lastKnownFileType = sourcecode.cpp.objcpp; name = ofApp.mm; path = src/ofApp.mm; sourceTree = SOURCE_ROOT; };
		E5ACB6B21FDA44C9B21F2B5D /* Patch.h */ = {isa = PBXFileReference; explicitFileType = sourcecode.c.h; fileEncoding = 30; name = Patch.h; path = ../../../addons/ofxFaceTracker/libs/FaceTracker/include/FaceTracker/Patch.h; sourceTree = SOURCE_ROOT; };
		F3C32677C12BD67CF9F8980E /* Kalman.h */ = {isa = PBXFileReference; explicitFileType = sourcecode.c.h; fileEncoding = 30; name = Kalman.h; path = ../../../addons/ofxCv/libs/ofxCv/include/ofxCv/Kalman.h; sourceTree = SOURCE_ROOT; };
		F770DA84DFD6BF6A87C2A1BA /* Expression.h */ = {isa = PBXFileReference; explicitFileType = sourcecode.c.h; fileEncoding = 30; name = Expression.h; path = ../../../addons/ofxFaceTracker/src/Expression.h; sourceTree = SOURCE_ROOT; };
		F8AC161719B0A82B004104BD /* addon_config.mk */ = {isa = PBXFileReference; fileEncoding = 4; lastKnownFileType = text; path = addon_config.mk; sourceTree = "<group>"; };
		F8AC161C19B0A82B004104BD /* cv.h */ = {isa = PBXFileReference; fileEncoding = 4; lastKnownFileType = sourcecode.c.h; path = cv.h; sourceTree = "<group>"; };
		F8AC161D19B0A82B004104BD /* cv.hpp */ = {isa = PBXFileReference; fileEncoding = 4; lastKnownFileType = sourcecode.cpp.h; path = cv.hpp; sourceTree = "<group>"; };
		F8AC161E19B0A82B004104BD /* cvaux.h */ = {isa = PBXFileReference; fileEncoding = 4; lastKnownFileType = sourcecode.c.h; path = cvaux.h; sourceTree = "<group>"; };
		F8AC161F19B0A82B004104BD /* cvaux.hpp */ = {isa = PBXFileReference; fileEncoding = 4; lastKnownFileType = sourcecode.cpp.h; path = cvaux.hpp; sourceTree = "<group>"; };
		F8AC162019B0A82B004104BD /* cvwimage.h */ = {isa = PBXFileReference; fileEncoding = 4; lastKnownFileType = sourcecode.c.h; path = cvwimage.h; sourceTree = "<group>"; };
		F8AC162119B0A82B004104BD /* cxcore.h */ = {isa = PBXFileReference; fileEncoding = 4; lastKnownFileType = sourcecode.c.h; path = cxcore.h; sourceTree = "<group>"; };
		F8AC162219B0A82B004104BD /* cxcore.hpp */ = {isa = PBXFileReference; fileEncoding = 4; lastKnownFileType = sourcecode.cpp.h; path = cxcore.hpp; sourceTree = "<group>"; };
		F8AC162319B0A82B004104BD /* cxeigen.hpp */ = {isa = PBXFileReference; fileEncoding = 4; lastKnownFileType = sourcecode.cpp.h; path = cxeigen.hpp; sourceTree = "<group>"; };
		F8AC162419B0A82B004104BD /* cxmisc.h */ = {isa = PBXFileReference; fileEncoding = 4; lastKnownFileType = sourcecode.c.h; path = cxmisc.h; sourceTree = "<group>"; };
		F8AC162519B0A82B004104BD /* highgui.h */ = {isa = PBXFileReference; fileEncoding = 4; lastKnownFileType = sourcecode.c.h; path = highgui.h; sourceTree = "<group>"; };
		F8AC162619B0A82B004104BD /* ml.h */ = {isa = PBXFileReference; fileEncoding = 4; lastKnownFileType = sourcecode.c.h; path = ml.h; sourceTree = "<group>"; };
		F8AC162919B0A82B004104BD /* calib3d.hpp */ = {isa = PBXFileReference; fileEncoding = 4; lastKnownFileType = sourcecode.cpp.h; path = calib3d.hpp; sourceTree = "<group>"; };
		F8AC162B19B0A82B004104BD /* contrib.hpp */ = {isa = PBXFileReference; fileEncoding = 4; lastKnownFileType = sourcecode.cpp.h; path = contrib.hpp; sourceTree = "<group>"; };
		F8AC162C19B0A82B004104BD /* retina.hpp */ = {isa = PBXFileReference; fileEncoding = 4; lastKnownFileType = sourcecode.cpp.h; path = retina.hpp; sourceTree = "<group>"; };
		F8AC162E19B0A82B004104BD /* core.hpp */ = {isa = PBXFileReference; fileEncoding = 4; lastKnownFileType = sourcecode.cpp.h; path = core.hpp; sourceTree = "<group>"; };
		F8AC162F19B0A82B004104BD /* core_c.h */ = {isa = PBXFileReference; fileEncoding = 4; lastKnownFileType = sourcecode.c.h; path = core_c.h; sourceTree = "<group>"; };
		F8AC163019B0A82B004104BD /* eigen.hpp */ = {isa = PBXFileReference; fileEncoding = 4; lastKnownFileType = sourcecode.cpp.h; path = eigen.hpp; sourceTree = "<group>"; };
		F8AC163119B0A82B004104BD /* internal.hpp */ = {isa = PBXFileReference; fileEncoding = 4; lastKnownFileType = sourcecode.cpp.h; path = internal.hpp; sourceTree = "<group>"; };
		F8AC163219B0A82B004104BD /* mat.hpp */ = {isa = PBXFileReference; fileEncoding = 4; lastKnownFileType = sourcecode.cpp.h; path = mat.hpp; sourceTree = "<group>"; };
		F8AC163319B0A82B004104BD /* operations.hpp */ = {isa = PBXFileReference; fileEncoding = 4; lastKnownFileType = sourcecode.cpp.h; path = operations.hpp; sourceTree = "<group>"; };
		F8AC163419B0A82B004104BD /* types_c.h */ = {isa = PBXFileReference; fileEncoding = 4; lastKnownFileType = sourcecode.c.h; path = types_c.h; sourceTree = "<group>"; };
		F8AC163519B0A82B004104BD /* version.hpp */ = {isa = PBXFileReference; fileEncoding = 4; lastKnownFileType = sourcecode.cpp.h; path = version.hpp; sourceTree = "<group>"; };
		F8AC163619B0A82B004104BD /* wimage.hpp */ = {isa = PBXFileReference; fileEncoding = 4; lastKnownFileType = sourcecode.cpp.h; path = wimage.hpp; sourceTree = "<group>"; };
		F8AC163819B0A82B004104BD /* features2d.hpp */ = {isa = PBXFileReference; fileEncoding = 4; lastKnownFileType = sourcecode.cpp.h; path = features2d.hpp; sourceTree = "<group>"; };
		F8AC163A19B0A82B004104BD /* all_indices.h */ = {isa = PBXFileReference; fileEncoding = 4; lastKnownFileType = sourcecode.c.h; path = all_indices.h; sourceTree = "<group>"; };
		F8AC163B19B0A82B004104BD /* allocator.h */ = {isa = PBXFileReference; fileEncoding = 4; lastKnownFileType = sourcecode.c.h; path = allocator.h; sourceTree = "<group>"; };
		F8AC163C19B0A82B004104BD /* any.h */ = {isa = PBXFileReference; fileEncoding = 4; lastKnownFileType = sourcecode.c.h; path = any.h; sourceTree = "<group>"; };
		F8AC163D19B0A82B004104BD /* autotuned_index.h */ = {isa = PBXFileReference; fileEncoding = 4; lastKnownFileType = sourcecode.c.h; path = autotuned_index.h; sourceTree = "<group>"; };
		F8AC163E19B0A82B004104BD /* composite_index.h */ = {isa = PBXFileReference; fileEncoding = 4; lastKnownFileType = sourcecode.c.h; path = composite_index.h; sourceTree = "<group>"; };
		F8AC163F19B0A82B004104BD /* config.h */ = {isa = PBXFileReference; fileEncoding = 4; lastKnownFileType = sourcecode.c.h; path = config.h; sourceTree = "<group>"; };
		F8AC164019B0A82B004104BD /* defines.h */ = {isa = PBXFileReference; fileEncoding = 4; lastKnownFileType = sourcecode.c.h; path = defines.h; sourceTree = "<group>"; };
		F8AC164119B0A82B004104BD /* dist.h */ = {isa = PBXFileReference; fileEncoding = 4; lastKnownFileType = sourcecode.c.h; path = dist.h; sourceTree = "<group>"; };
		F8AC164219B0A82B004104BD /* dummy.h */ = {isa = PBXFileReference; fileEncoding = 4; lastKnownFileType = sourcecode.c.h; path = dummy.h; sourceTree = "<group>"; };
		F8AC164319B0A82B004104BD /* dynamic_bitset.h */ = {isa = PBXFileReference; fileEncoding = 4; lastKnownFileType = sourcecode.c.h; path = dynamic_bitset.h; sourceTree = "<group>"; };
		F8AC164419B0A82B004104BD /* flann.hpp */ = {isa = PBXFileReference; fileEncoding = 4; lastKnownFileType = sourcecode.cpp.h; path = flann.hpp; sourceTree = "<group>"; };
		F8AC164519B0A82B004104BD /* flann_base.hpp */ = {isa = PBXFileReference; fileEncoding = 4; lastKnownFileType = sourcecode.cpp.h; path = flann_base.hpp; sourceTree = "<group>"; };
		F8AC164619B0A82B004104BD /* general.h */ = {isa = PBXFileReference; fileEncoding = 4; lastKnownFileType = sourcecode.c.h; path = general.h; sourceTree = "<group>"; };
		F8AC164719B0A82B004104BD /* ground_truth.h */ = {isa = PBXFileReference; fileEncoding = 4; lastKnownFileType = sourcecode.c.h; path = ground_truth.h; sourceTree = "<group>"; };
		F8AC164819B0A82B004104BD /* hdf5.h */ = {isa = PBXFileReference; fileEncoding = 4; lastKnownFileType = sourcecode.c.h; path = hdf5.h; sourceTree = "<group>"; };
		F8AC164919B0A82B004104BD /* heap.h */ = {isa = PBXFileReference; fileEncoding = 4; lastKnownFileType = sourcecode.c.h; path = heap.h; sourceTree = "<group>"; };
		F8AC164A19B0A82B004104BD /* hierarchical_clustering_index.h */ = {isa = PBXFileReference; fileEncoding = 4; lastKnownFileType = sourcecode.c.h; path = hierarchical_clustering_index.h; sourceTree = "<group>"; };
		F8AC164B19B0A82B004104BD /* index_testing.h */ = {isa = PBXFileReference; fileEncoding = 4; lastKnownFileType = sourcecode.c.h; path = index_testing.h; sourceTree = "<group>"; };
		F8AC164C19B0A82B004104BD /* kdtree_index.h */ = {isa = PBXFileReference; fileEncoding = 4; lastKnownFileType = sourcecode.c.h; path = kdtree_index.h; sourceTree = "<group>"; };
		F8AC164D19B0A82B004104BD /* kdtree_single_index.h */ = {isa = PBXFileReference; fileEncoding = 4; lastKnownFileType = sourcecode.c.h; path = kdtree_single_index.h; sourceTree = "<group>"; };
		F8AC164E19B0A82B004104BD /* kmeans_index.h */ = {isa = PBXFileReference; fileEncoding = 4; lastKnownFileType = sourcecode.c.h; path = kmeans_index.h; sourceTree = "<group>"; };
		F8AC164F19B0A82B004104BD /* linear_index.h */ = {isa = PBXFileReference; fileEncoding = 4; lastKnownFileType = sourcecode.c.h; path = linear_index.h; sourceTree = "<group>"; };
		F8AC165019B0A82B004104BD /* logger.h */ = {isa = PBXFileReference; fileEncoding = 4; lastKnownFileType = sourcecode.c.h; path = logger.h; sourceTree = "<group>"; };
		F8AC165119B0A82B004104BD /* lsh_index.h */ = {isa = PBXFileReference; fileEncoding = 4; lastKnownFileType = sourcecode.c.h; path = lsh_index.h; sourceTree = "<group>"; };
		F8AC165219B0A82B004104BD /* lsh_table.h */ = {isa = PBXFileReference; fileEncoding = 4; lastKnownFileType = sourcecode.c.h; path = lsh_table.h; sourceTree = "<group>"; };
		F8AC165319B0A82B004104BD /* matrix.h */ = {isa = PBXFileReference; fileEncoding = 4; lastKnownFileType = sourcecode.c.h; path = matrix.h; sourceTree = "<group>"; };
		F8AC165419B0A82B004104BD /* miniflann.hpp */ = {isa = PBXFileReference; fileEncoding = 4; lastKnownFileType = sourcecode.cpp.h; path = miniflann.hpp; sourceTree = "<group>"; };
		F8AC165519B0A82B004104BD /* nn_index.h */ = {isa = PBXFileReference; fileEncoding = 4; lastKnownFileType = sourcecode.c.h; path = nn_index.h; sourceTree = "<group>"; };
		F8AC165619B0A82B004104BD /* object_factory.h */ = {isa = PBXFileReference; fileEncoding = 4; lastKnownFileType = sourcecode.c.h; path = object_factory.h; sourceTree = "<group>"; };
		F8AC165719B0A82B004104BD /* params.h */ = {isa = PBXFileReference; fileEncoding = 4; lastKnownFileType = sourcecode.c.h; path = params.h; sourceTree = "<group>"; };
		F8AC165819B0A82B004104BD /* random.h */ = {isa = PBXFileReference; fileEncoding = 4; lastKnownFileType = sourcecode.c.h; path = random.h; sourceTree = "<group>"; };
		F8AC165919B0A82B004104BD /* result_set.h */ = {isa = PBXFileReference; fileEncoding = 4; lastKnownFileType = sourcecode.c.h; path = result_set.h; sourceTree = "<group>"; };
		F8AC165A19B0A82B004104BD /* sampling.h */ = {isa = PBXFileReference; fileEncoding = 4; lastKnownFileType = sourcecode.c.h; path = sampling.h; sourceTree = "<group>"; };
		F8AC165B19B0A82B004104BD /* saving.h */ = {isa = PBXFileReference; fileEncoding = 4; lastKnownFileType = sourcecode.c.h; path = saving.h; sourceTree = "<group>"; };
		F8AC165C19B0A82B004104BD /* simplex_downhill.h */ = {isa = PBXFileReference; fileEncoding = 4; lastKnownFileType = sourcecode.c.h; path = simplex_downhill.h; sourceTree = "<group>"; };
		F8AC165D19B0A82B004104BD /* timer.h */ = {isa = PBXFileReference; fileEncoding = 4; lastKnownFileType = sourcecode.c.h; path = timer.h; sourceTree = "<group>"; };
		F8AC165F19B0A82B004104BD /* devmem2d.hpp */ = {isa = PBXFileReference; fileEncoding = 4; lastKnownFileType = sourcecode.cpp.h; path = devmem2d.hpp; sourceTree = "<group>"; };
		F8AC166019B0A82B004104BD /* gpu.hpp */ = {isa = PBXFileReference; fileEncoding = 4; lastKnownFileType = sourcecode.cpp.h; path = gpu.hpp; sourceTree = "<group>"; };
		F8AC166119B0A82B004104BD /* gpumat.hpp */ = {isa = PBXFileReference; fileEncoding = 4; lastKnownFileType = sourcecode.cpp.h; path = gpumat.hpp; sourceTree = "<group>"; };
		F8AC166219B0A82B004104BD /* matrix_operations.hpp */ = {isa = PBXFileReference; fileEncoding = 4; lastKnownFileType = sourcecode.cpp.h; path = matrix_operations.hpp; sourceTree = "<group>"; };
		F8AC166319B0A82B004104BD /* stream_accessor.hpp */ = {isa = PBXFileReference; fileEncoding = 4; lastKnownFileType = sourcecode.cpp.h; path = stream_accessor.hpp; sourceTree = "<group>"; };
		F8AC166519B0A82B004104BD /* highgui.hpp */ = {isa = PBXFileReference; fileEncoding = 4; lastKnownFileType = sourcecode.cpp.h; path = highgui.hpp; sourceTree = "<group>"; };
		F8AC166619B0A82B004104BD /* highgui_c.h */ = {isa = PBXFileReference; fileEncoding = 4; lastKnownFileType = sourcecode.c.h; path = highgui_c.h; sourceTree = "<group>"; };
		F8AC166819B0A82B004104BD /* imgproc.hpp */ = {isa = PBXFileReference; fileEncoding = 4; lastKnownFileType = sourcecode.cpp.h; path = imgproc.hpp; sourceTree = "<group>"; };
		F8AC166919B0A82B004104BD /* imgproc_c.h */ = {isa = PBXFileReference; fileEncoding = 4; lastKnownFileType = sourcecode.c.h; path = imgproc_c.h; sourceTree = "<group>"; };
		F8AC166A19B0A82B004104BD /* types_c.h */ = {isa = PBXFileReference; fileEncoding = 4; lastKnownFileType = sourcecode.c.h; path = types_c.h; sourceTree = "<group>"; };
		F8AC166C19B0A82B004104BD /* blobtrack.hpp */ = {isa = PBXFileReference; fileEncoding = 4; lastKnownFileType = sourcecode.cpp.h; path = blobtrack.hpp; sourceTree = "<group>"; };
		F8AC166D19B0A82B004104BD /* compat.hpp */ = {isa = PBXFileReference; fileEncoding = 4; lastKnownFileType = sourcecode.cpp.h; path = compat.hpp; sourceTree = "<group>"; };
		F8AC166E19B0A82B004104BD /* legacy.hpp */ = {isa = PBXFileReference; fileEncoding = 4; lastKnownFileType = sourcecode.cpp.h; path = legacy.hpp; sourceTree = "<group>"; };
		F8AC166F19B0A82B004104BD /* streams.hpp */ = {isa = PBXFileReference; fileEncoding = 4; lastKnownFileType = sourcecode.cpp.h; path = streams.hpp; sourceTree = "<group>"; };
		F8AC167119B0A82B004104BD /* ml.hpp */ = {isa = PBXFileReference; fileEncoding = 4; lastKnownFileType = sourcecode.cpp.h; path = ml.hpp; sourceTree = "<group>"; };
		F8AC167319B0A82B004104BD /* objdetect.hpp */ = {isa = PBXFileReference; fileEncoding = 4; lastKnownFileType = sourcecode.cpp.h; path = objdetect.hpp; sourceTree = "<group>"; };
		F8AC167419B0A82B004104BD /* opencv.hpp */ = {isa = PBXFileReference; fileEncoding = 4; lastKnownFileType = sourcecode.cpp.h; path = opencv.hpp; sourceTree = "<group>"; };
		F8AC167619B0A82B004104BD /* ts.hpp */ = {isa = PBXFileReference; fileEncoding = 4; lastKnownFileType = sourcecode.cpp.h; path = ts.hpp; sourceTree = "<group>"; };
		F8AC167719B0A82B004104BD /* ts_gtest.h */ = {isa = PBXFileReference; fileEncoding = 4; lastKnownFileType = sourcecode.c.h; path = ts_gtest.h; sourceTree = "<group>"; };
		F8AC167919B0A82B004104BD /* background_segm.hpp */ = {isa = PBXFileReference; fileEncoding = 4; lastKnownFileType = sourcecode.cpp.h; path = background_segm.hpp; sourceTree = "<group>"; };
		F8AC167A19B0A82B004104BD /* tracking.hpp */ = {isa = PBXFileReference; fileEncoding = 4; lastKnownFileType = sourcecode.cpp.h; path = tracking.hpp; sourceTree = "<group>"; };
		F8AC167B19B0A82B004104BD /* video.hpp */ = {isa = PBXFileReference; fileEncoding = 4; lastKnownFileType = sourcecode.cpp.h; path = video.hpp; sourceTree = "<group>"; };
		F8AC167E19B0A82B004104BD /* opencv_calib3d.a */ = {isa = PBXFileReference; lastKnownFileType = archive.ar; path = opencv_calib3d.a; sourceTree = "<group>"; };
		F8AC167F19B0A82B004104BD /* opencv_contrib.a */ = {isa = PBXFileReference; lastKnownFileType = archive.ar; path = opencv_contrib.a; sourceTree = "<group>"; };
		F8AC168019B0A82B004104BD /* opencv_core.a */ = {isa = PBXFileReference; lastKnownFileType = archive.ar; path = opencv_core.a; sourceTree = "<group>"; };
		F8AC168119B0A82B004104BD /* opencv_features2d.a */ = {isa = PBXFileReference; lastKnownFileType = archive.ar; path = opencv_features2d.a; sourceTree = "<group>"; };
		F8AC168219B0A82B004104BD /* opencv_flann.a */ = {isa = PBXFileReference; lastKnownFileType = archive.ar; path = opencv_flann.a; sourceTree = "<group>"; };
		F8AC168319B0A82B004104BD /* opencv_gpu.a */ = {isa = PBXFileReference; lastKnownFileType = archive.ar; path = opencv_gpu.a; sourceTree = "<group>"; };
		F8AC168419B0A82B004104BD /* opencv_highgui.a */ = {isa = PBXFileReference; lastKnownFileType = archive.ar; path = opencv_highgui.a; sourceTree = "<group>"; };
		F8AC168519B0A82B004104BD /* opencv_imgproc.a */ = {isa = PBXFileReference; lastKnownFileType = archive.ar; path = opencv_imgproc.a; sourceTree = "<group>"; };
		F8AC168619B0A82B004104BD /* opencv_legacy.a */ = {isa = PBXFileReference; lastKnownFileType = archive.ar; path = opencv_legacy.a; sourceTree = "<group>"; };
		F8AC168719B0A82B004104BD /* opencv_ml.a */ = {isa = PBXFileReference; lastKnownFileType = archive.ar; path = opencv_ml.a; sourceTree = "<group>"; };
		F8AC168819B0A82B004104BD /* opencv_objdetect.a */ = {isa = PBXFileReference; lastKnownFileType = archive.ar; path = opencv_objdetect.a; sourceTree = "<group>"; };
		F8AC168919B0A82B004104BD /* opencv_video.a */ = {isa = PBXFileReference; lastKnownFileType = archive.ar; path = opencv_video.a; sourceTree = "<group>"; };
		F8AC168A19B0A82B004104BD /* zlib.a */ = {isa = PBXFileReference; lastKnownFileType = archive.ar; path = zlib.a; sourceTree = "<group>"; };
		F8AC168C19B0A82B004104BD /* opencv.a */ = {isa = PBXFileReference; lastKnownFileType = archive.ar; path = opencv.a; sourceTree = "<group>"; };
		F8AC168E19B0A82B004104BD /* ofxCvBlob.h */ = {isa = PBXFileReference; fileEncoding = 4; lastKnownFileType = sourcecode.c.h; path = ofxCvBlob.h; sourceTree = "<group>"; };
		F8AC168F19B0A82B004104BD /* ofxCvColorImage.cpp */ = {isa = PBXFileReference; fileEncoding = 4; lastKnownFileType = sourcecode.cpp.cpp; path = ofxCvColorImage.cpp; sourceTree = "<group>"; };
		F8AC169019B0A82B004104BD /* ofxCvColorImage.h */ = {isa = PBXFileReference; fileEncoding = 4; lastKnownFileType = sourcecode.c.h; path = ofxCvColorImage.h; sourceTree = "<group>"; };
		F8AC169119B0A82B004104BD /* ofxCvConstants.h */ = {isa = PBXFileReference; fileEncoding = 4; lastKnownFileType = sourcecode.c.h; path = ofxCvConstants.h; sourceTree = "<group>"; };
		F8AC169219B0A82B004104BD /* ofxCvContourFinder.cpp */ = {isa = PBXFileReference; fileEncoding = 4; lastKnownFileType = sourcecode.cpp.cpp; path = ofxCvContourFinder.cpp; sourceTree = "<group>"; };
		F8AC169319B0A82B004104BD /* ofxCvContourFinder.h */ = {isa = PBXFileReference; fileEncoding = 4; lastKnownFileType = sourcecode.c.h; path = ofxCvContourFinder.h; sourceTree = "<group>"; };
		F8AC169419B0A82B004104BD /* ofxCvFloatImage.cpp */ = {isa = PBXFileReference; fileEncoding = 4; lastKnownFileType = sourcecode.cpp.cpp; path = ofxCvFloatImage.cpp; sourceTree = "<group>"; };
		F8AC169519B0A82B004104BD /* ofxCvFloatImage.h */ = {isa = PBXFileReference; fileEncoding = 4; lastKnownFileType = sourcecode.c.h; path = ofxCvFloatImage.h; sourceTree = "<group>"; };
		F8AC169619B0A82B004104BD /* ofxCvGrayscaleImage.cpp */ = {isa = PBXFileReference; fileEncoding = 4; lastKnownFileType = sourcecode.cpp.cpp; path = ofxCvGrayscaleImage.cpp; sourceTree = "<group>"; };
		F8AC169719B0A82B004104BD /* ofxCvGrayscaleImage.h */ = {isa = PBXFileReference; fileEncoding = 4; lastKnownFileType = sourcecode.c.h; path = ofxCvGrayscaleImage.h; sourceTree = "<group>"; };
		F8AC169819B0A82B004104BD /* ofxCvHaarFinder.cpp */ = {isa = PBXFileReference; fileEncoding = 4; lastKnownFileType = sourcecode.cpp.cpp; path = ofxCvHaarFinder.cpp; sourceTree = "<group>"; };
		F8AC169919B0A82B004104BD /* ofxCvHaarFinder.h */ = {isa = PBXFileReference; fileEncoding = 4; lastKnownFileType = sourcecode.c.h; path = ofxCvHaarFinder.h; sourceTree = "<group>"; };
		F8AC169A19B0A82B004104BD /* ofxCvImage.cpp */ = {isa = PBXFileReference; fileEncoding = 4; lastKnownFileType = sourcecode.cpp.cpp; path = ofxCvImage.cpp; sourceTree = "<group>"; };
		F8AC169B19B0A82B004104BD /* ofxCvImage.h */ = {isa = PBXFileReference; fileEncoding = 4; lastKnownFileType = sourcecode.c.h; path = ofxCvImage.h; sourceTree = "<group>"; };
		F8AC169C19B0A82B004104BD /* ofxCvShortImage.cpp */ = {isa = PBXFileReference; fileEncoding = 4; lastKnownFileType = sourcecode.cpp.cpp; path = ofxCvShortImage.cpp; sourceTree = "<group>"; };
		F8AC169D19B0A82B004104BD /* ofxCvShortImage.h */ = {isa = PBXFileReference; fileEncoding = 4; lastKnownFileType = sourcecode.c.h; path = ofxCvShortImage.h; sourceTree = "<group>"; };
		F8AC169E19B0A82B004104BD /* ofxOpenCv.h */ = {isa = PBXFileReference; fileEncoding = 4; lastKnownFileType = sourcecode.c.h; path = ofxOpenCv.h; sourceTree = "<group>"; };
		FE15469185A3A49FEC9D2292 /* myvec.h */ = {isa = PBXFileReference; explicitFileType = sourcecode.c.h; fileEncoding = 30; name = myvec.h; path = ../../../addons/ofxCv/libs/CLD/include/CLD/myvec.h; sourceTree = SOURCE_ROOT; };
/* End PBXFileReference section */

/* Begin PBXFrameworksBuildPhase section */
		1D60588F0D05DD3D006BFB54 /* Frameworks */ = {
			isa = PBXFrameworksBuildPhase;
			buildActionMask = 2147483647;
			files = (
				F8AC16A719B0A82B004104BD /* opencv_imgproc.a in Frameworks */,
				E41D421413B3A95300A75A5D /* libofxiOS_iphoneos_Debug.a in Frameworks */,
				F8AC16AD19B0A82B004104BD /* opencv.a in Frameworks */,
				F8AC16AB19B0A82B004104BD /* opencv_video.a in Frameworks */,
				1D60589F0D05DD5A006BFB54 /* Foundation.framework in Frameworks */,
				F8AC16A419B0A82B004104BD /* opencv_flann.a in Frameworks */,
				1DF5F4E00D08C38300B7A737 /* UIKit.framework in Frameworks */,
				288765FD0DF74451002DB57D /* CoreGraphics.framework in Frameworks */,
				BB16EBD20F2B2A9500518274 /* OpenGLES.framework in Frameworks */,
				BB16EBD90F2B2AB500518274 /* QuartzCore.framework in Frameworks */,
				F8AC16AC19B0A82B004104BD /* zlib.a in Frameworks */,
				F8AC16A619B0A82B004104BD /* opencv_highgui.a in Frameworks */,
				F8AC16AA19B0A82B004104BD /* opencv_objdetect.a in Frameworks */,
				F8AC16A019B0A82B004104BD /* opencv_calib3d.a in Frameworks */,
				BBE5EAB80F49AD8400F28951 /* AudioToolbox.framework in Frameworks */,
				F8AC16A519B0A82B004104BD /* opencv_gpu.a in Frameworks */,
				F8AC16A219B0A82B004104BD /* opencv_core.a in Frameworks */,
				F8AC16A919B0A82B004104BD /* opencv_ml.a in Frameworks */,
				53F323EB10A20EDB00E0DAE4 /* OpenAL.framework in Frameworks */,
				5326AEA810A23A0500278DE6 /* CoreLocation.framework in Frameworks */,
				F8AC16A119B0A82B004104BD /* opencv_contrib.a in Frameworks */,
				E4A823A412561BE3002F86A2 /* CoreGraphics.framework in Frameworks */,
				F8AC16A319B0A82B004104BD /* opencv_features2d.a in Frameworks */,
				E41D400B13B39D2100A75A5D /* AVFoundation.framework in Frameworks */,
				E41D400C13B39D2100A75A5D /* CoreMedia.framework in Frameworks */,
				F8AC16A819B0A82B004104BD /* opencv_legacy.a in Frameworks */,
				E41D400D13B39D2100A75A5D /* CoreVideo.framework in Frameworks */,
				E41D400E13B39D2100A75A5D /* MapKit.framework in Frameworks */,
			);
			runOnlyForDeploymentPostprocessing = 0;
		};
/* End PBXFrameworksBuildPhase section */

/* Begin PBXGroup section */
		13C72B31738CA9F68523CB1C /* include */ = {
			isa = PBXGroup;
			children = (
				4EB038C7DF921AA8A4070286 /* ofxCv */,
			);
			name = include;
			sourceTree = "<group>";
		};
		19C28FACFE9D520D11CA2CBB /* Products */ = {
			isa = PBXGroup;
			children = (
				1D6058910D05DD3D006BFB54 /* faceScrambleiOS.app */,
			);
			name = Products;
			sourceTree = "<group>";
		};
		29B97314FDCFA39411CA2CEA /* CustomTemplate */ = {
			isa = PBXGroup;
			children = (
				678E130917951536005B6D19 /* Icon.png */,
				678E130717951530005B6D19 /* Icon@2x.png */,
				678E130B1795153C005B6D19 /* Default.png */,
				678E130D17951540005B6D19 /* Default@2x.png */,
				678E130F17951549005B6D19 /* Default-568h@2x~iphone.png */,
				E4D8936A11527B74007E1F53 /* src */,
				BB24E1F710DAA51900E9C588 /* openFrameworks */,
				BB16F26B0F2B646B00518274 /* addons */,
				BB16E9930F2B1E5900518274 /* libs */,
				19C28FACFE9D520D11CA2CBB /* Products */,
			);
			name = CustomTemplate;
			sourceTree = "<group>";
		};
		29B97323FDCFA39411CA2CEA /* core frameworks */ = {
			isa = PBXGroup;
			children = (
				E41D400613B39D2100A75A5D /* AVFoundation.framework */,
				E41D400713B39D2100A75A5D /* CoreMedia.framework */,
				E41D400813B39D2100A75A5D /* CoreVideo.framework */,
				E41D400913B39D2100A75A5D /* MapKit.framework */,
				53F323EA10A20EDB00E0DAE4 /* OpenAL.framework */,
				E4A823A312561BE3002F86A2 /* CoreGraphics.framework */,
				BBE5EAB70F49AD8400F28951 /* AudioToolbox.framework */,
				BB16EBD80F2B2AB500518274 /* QuartzCore.framework */,
				BB16EBD10F2B2A9500518274 /* OpenGLES.framework */,
				1DF5F4DF0D08C38300B7A737 /* UIKit.framework */,
				1D30AB110D05D00D00671497 /* Foundation.framework */,
				288765FC0DF74451002DB57D /* CoreGraphics.framework */,
				5326AEA710A23A0500278DE6 /* CoreLocation.framework */,
			);
			name = "core frameworks";
			sourceTree = "<group>";
		};
		2B86176FA97BFB2BEE1F2F83 /* ofxFaceTracker */ = {
			isa = PBXGroup;
			children = (
				EE1E8A73C6C6A1D433F5FA51 /* src */,
				96E8AB44895C3D65BDB04141 /* libs */,
			);
			name = ofxFaceTracker;
			sourceTree = "<group>";
		};
		37CF39B443ACB0F86B1351ED /* src */ = {
			isa = PBXGroup;
			children = (
				B047FF96258DC01792B272DB /* ETF.cpp */,
				A2D8249D46647E3C51769CDE /* fdog.cpp */,
			);
			name = src;
			sourceTree = "<group>";
		};
		45591C11B7434576DF6996B4 /* include */ = {
			isa = PBXGroup;
			children = (
				FEA273413D5AFD9607F56ABE /* CLD */,
			);
			name = include;
			sourceTree = "<group>";
		};
		4EB038C7DF921AA8A4070286 /* ofxCv */ = {
			isa = PBXGroup;
			children = (
				58140E0F92D37844E9C8883D /* Calibration.h */,
				178547E33CE398C7B59F08AB /* ContourFinder.h */,
				D29DD28C195CD81267F3C8A1 /* Distance.h */,
				8326CDEDA153D242D924D2B6 /* Flow.h */,
				8738DE90218B1E9054A88B54 /* Helpers.h */,
				F3C32677C12BD67CF9F8980E /* Kalman.h */,
				4524C0ED0C2DD3E085CE3350 /* ObjectFinder.h */,
				6B3CDFD1A15E92F074E7D5AE /* RunningBackground.h */,
				70046E043EDDB466ED625C3B /* Tracker.h */,
				84D3470A12DEE51F320224AC /* Utilities.h */,
				73157AAE32787C63313C7D8E /* Wrappers.h */,
			);
			name = ofxCv;
			sourceTree = "<group>";
		};
		6025FAF6414C2CA589764D26 /* ofxCv */ = {
			isa = PBXGroup;
			children = (
				873F2BD1A608B2DE7BC81AFB /* src */,
				90D509C72729D1998E28A98F /* libs */,
			);
			name = ofxCv;
			sourceTree = "<group>";
		};
		74312553B85B0FAC32207F8A /* lib */ = {
			isa = PBXGroup;
			children = (
				BE9718AC2BA4516A804EE019 /* CLM.cc */,
				C415F439B09BAEBA3FB3710F /* FCheck.cc */,
				CF243F4577A116D71116C5C8 /* FDet.cc */,
				D0FB15518FE16B361D561235 /* IO.cc */,
				3769B74412282AEFEBDD8C86 /* Patch.cc */,
				04BD78075F8C2DEC76B2F33A /* PAW.cc */,
				DAE0121070E51316AFDAA2AE /* PDM.cc */,
				6B019CCE940383653B1DBB5B /* Tracker.cc */,
			);
			name = lib;
			sourceTree = "<group>";
		};
		7CC1E591490DB083FB916812 /* CLD */ = {
			isa = PBXGroup;
			children = (
				45591C11B7434576DF6996B4 /* include */,
				37CF39B443ACB0F86B1351ED /* src */,
			);
			name = CLD;
			sourceTree = "<group>";
		};
		85961BEC127E2550AA7756C9 /* ofxCv */ = {
			isa = PBXGroup;
			children = (
				13C72B31738CA9F68523CB1C /* include */,
				D240A1DD1AE9F8E81BDBCD2B /* src */,
			);
			name = ofxCv;
			sourceTree = "<group>";
		};
		873F2BD1A608B2DE7BC81AFB /* src */ = {
			isa = PBXGroup;
			children = (
				325BD94FFB93161BBC68336E /* ofxCv.h */,
			);
			name = src;
			sourceTree = "<group>";
		};
		8B6D45C09E1EE5AA0A7EC645 /* FaceTracker */ = {
			isa = PBXGroup;
			children = (
				FA7DE18CAD263BF5D191DB1B /* include */,
				EE7AB71CA23FB7FF1C5A1E69 /* src */,
			);
			name = FaceTracker;
			sourceTree = "<group>";
		};
		90D509C72729D1998E28A98F /* libs */ = {
			isa = PBXGroup;
			children = (
				7CC1E591490DB083FB916812 /* CLD */,
				85961BEC127E2550AA7756C9 /* ofxCv */,
			);
			name = libs;
			sourceTree = "<group>";
		};
		96E8AB44895C3D65BDB04141 /* libs */ = {
			isa = PBXGroup;
			children = (
				8B6D45C09E1EE5AA0A7EC645 /* FaceTracker */,
			);
			name = libs;
			sourceTree = "<group>";
		};
		BB16E9930F2B1E5900518274 /* libs */ = {
			isa = PBXGroup;
			children = (
				BBE5E94E0F497BD800F28951 /* core */,
			);
			name = libs;
			sourceTree = "<group>";
		};
		BB16F26B0F2B646B00518274 /* addons */ = {
			isa = PBXGroup;
			children = (
				F8AC161619B0A82B004104BD /* ofxOpenCv */,
				6025FAF6414C2CA589764D26 /* ofxCv */,
				2B86176FA97BFB2BEE1F2F83 /* ofxFaceTracker */,
			);
			name = addons;
			sourceTree = "<group>";
		};
		BB24E1F710DAA51900E9C588 /* openFrameworks */ = {
			isa = PBXGroup;
			children = (
				E41D40FD13B3A0D800A75A5D /* iOS+OFLib.xcodeproj */,
				32CA4F630368D1EE00C91783 /* ofxiOS_Prefix.pch */,
				BB24DDC910DA781C00E9C588 /* ofxiOS-Info.plist */,
				E41D3EE513B3906D00A75A5D /* CoreOF.xcconfig */,
				E41D3ED613B38FB500A75A5D /* Project.xcconfig */,
			);
			name = openFrameworks;
			sourceTree = "<group>";
		};
		BBE5E94E0F497BD800F28951 /* core */ = {
			isa = PBXGroup;
			children = (
				29B97323FDCFA39411CA2CEA /* core frameworks */,
			);
			name = core;
			sourceTree = "<group>";
		};
		D240A1DD1AE9F8E81BDBCD2B /* src */ = {
			isa = PBXGroup;
			children = (
				402C8F4015542356D362AC88 /* Calibration.cpp */,
				5FBB4A8427353AED09174BE5 /* ContourFinder.cpp */,
				9DBD717072C35D324E101669 /* Distance.cpp */,
				03A75A648BC4CF1D9DEDD0CE /* Flow.cpp */,
				B9076967F8C54A04362C04AA /* Helpers.cpp */,
				77A1A692522820F935B58762 /* Kalman.cpp */,
				AE75A3FBA2C2D87D14F06FE6 /* ObjectFinder.cpp */,
				5CBF6AED6A17AC0C17F63CC4 /* RunningBackground.cpp */,
				A810DF70319A10353588F5DB /* Tracker.cpp */,
				6CEC50DB3D06414010233963 /* Utilities.cpp */,
				D347FB65D19015303863922A /* Wrappers.cpp */,
			);
			name = src;
			sourceTree = "<group>";
		};
		E41D40FE13B3A0D800A75A5D /* Products */ = {
			isa = PBXGroup;
			children = (
				E41D410213B3A0D800A75A5D /* libofxiOS_iphoneos_Debug.a */,
			);
			name = Products;
			sourceTree = "<group>";
		};
		E4D8936A11527B74007E1F53 /* src */ = {
			isa = PBXGroup;
			children = (
				E4D8936B11527B74007E1F53 /* main.mm */,
				E4D8936D11527B74007E1F53 /* ofApp.mm */,
				E4D8936C11527B74007E1F53 /* ofApp.h */,
			);
			path = src;
			sourceTree = SOURCE_ROOT;
		};
		E98B41DCE24F6EE3FAFB16AE /* FaceTracker */ = {
			isa = PBXGroup;
			children = (
				D6D617703C368FA860A714A8 /* CLM.h */,
				5034E204517C46FCBAB26BB3 /* FCheck.h */,
				4A520FABAFEBECF618A87D91 /* FDet.h */,
				19660B42DF06415007708495 /* IO.h */,
				E5ACB6B21FDA44C9B21F2B5D /* Patch.h */,
				4ED0189D042D221948271DA2 /* PAW.h */,
				C85A383D09885563499FA901 /* PDM.h */,
				E45FD4B5C40A57B52BBDF8FE /* Tracker.h */,
			);
			name = FaceTracker;
			sourceTree = "<group>";
		};
		EE1E8A73C6C6A1D433F5FA51 /* src */ = {
			isa = PBXGroup;
			children = (
				4A540C8561D44FEEAF5641D0 /* Expression.cpp */,
				F770DA84DFD6BF6A87C2A1BA /* Expression.h */,
				C4F6F873496C3527A28B87F4 /* ExpressionClassifier.cpp */,
				D7FC0C82351EE2E8ED7786B0 /* ExpressionClassifier.h */,
				185BB9B07B8DB74BD2D3211F /* ofxFaceTracker.cpp */,
				9983B45C4BCBC6E62F11CA89 /* ofxFaceTracker.h */,
				BC378899A000AA03D8319C6D /* ofxFaceTrackerThreaded.h */,
			);
			name = src;
			sourceTree = "<group>";
		};
		EE7AB71CA23FB7FF1C5A1E69 /* src */ = {
			isa = PBXGroup;
			children = (
				74312553B85B0FAC32207F8A /* lib */,
			);
			name = src;
			sourceTree = "<group>";
		};
		F8AC161619B0A82B004104BD /* ofxOpenCv */ = {
			isa = PBXGroup;
			children = (
				F8AC161719B0A82B004104BD /* addon_config.mk */,
				F8AC161819B0A82B004104BD /* libs */,
				F8AC168D19B0A82B004104BD /* src */,
			);
			path = ofxOpenCv;
			sourceTree = "<group>";
		};
		F8AC161819B0A82B004104BD /* libs */ = {
			isa = PBXGroup;
			children = (
				F8AC161919B0A82B004104BD /* opencv */,
			);
			path = libs;
			sourceTree = "<group>";
		};
		F8AC161919B0A82B004104BD /* opencv */ = {
			isa = PBXGroup;
			children = (
				F8AC161A19B0A82B004104BD /* include */,
				F8AC167C19B0A82B004104BD /* lib */,
			);
			path = opencv;
			sourceTree = "<group>";
		};
		F8AC161A19B0A82B004104BD /* include */ = {
			isa = PBXGroup;
			children = (
				F8AC161B19B0A82B004104BD /* opencv */,
				F8AC162719B0A82B004104BD /* opencv2 */,
			);
			path = include;
			sourceTree = "<group>";
		};
		F8AC161B19B0A82B004104BD /* opencv */ = {
			isa = PBXGroup;
			children = (
				F8AC161C19B0A82B004104BD /* cv.h */,
				F8AC161D19B0A82B004104BD /* cv.hpp */,
				F8AC161E19B0A82B004104BD /* cvaux.h */,
				F8AC161F19B0A82B004104BD /* cvaux.hpp */,
				F8AC162019B0A82B004104BD /* cvwimage.h */,
				F8AC162119B0A82B004104BD /* cxcore.h */,
				F8AC162219B0A82B004104BD /* cxcore.hpp */,
				F8AC162319B0A82B004104BD /* cxeigen.hpp */,
				F8AC162419B0A82B004104BD /* cxmisc.h */,
				F8AC162519B0A82B004104BD /* highgui.h */,
				F8AC162619B0A82B004104BD /* ml.h */,
			);
			path = opencv;
			sourceTree = "<group>";
		};
		F8AC162719B0A82B004104BD /* opencv2 */ = {
			isa = PBXGroup;
			children = (
				F8AC162819B0A82B004104BD /* calib3d */,
				F8AC162A19B0A82B004104BD /* contrib */,
				F8AC162D19B0A82B004104BD /* core */,
				F8AC163719B0A82B004104BD /* features2d */,
				F8AC163919B0A82B004104BD /* flann */,
				F8AC165E19B0A82B004104BD /* gpu */,
				F8AC166419B0A82B004104BD /* highgui */,
				F8AC166719B0A82B004104BD /* imgproc */,
				F8AC166B19B0A82B004104BD /* legacy */,
				F8AC167019B0A82B004104BD /* ml */,
				F8AC167219B0A82B004104BD /* objdetect */,
				F8AC167419B0A82B004104BD /* opencv.hpp */,
				F8AC167519B0A82B004104BD /* ts */,
				F8AC167819B0A82B004104BD /* video */,
			);
			path = opencv2;
			sourceTree = "<group>";
		};
		F8AC162819B0A82B004104BD /* calib3d */ = {
			isa = PBXGroup;
			children = (
				F8AC162919B0A82B004104BD /* calib3d.hpp */,
			);
			path = calib3d;
			sourceTree = "<group>";
		};
		F8AC162A19B0A82B004104BD /* contrib */ = {
			isa = PBXGroup;
			children = (
				F8AC162B19B0A82B004104BD /* contrib.hpp */,
				F8AC162C19B0A82B004104BD /* retina.hpp */,
			);
			path = contrib;
			sourceTree = "<group>";
		};
		F8AC162D19B0A82B004104BD /* core */ = {
			isa = PBXGroup;
			children = (
				F8AC162E19B0A82B004104BD /* core.hpp */,
				F8AC162F19B0A82B004104BD /* core_c.h */,
				F8AC163019B0A82B004104BD /* eigen.hpp */,
				F8AC163119B0A82B004104BD /* internal.hpp */,
				F8AC163219B0A82B004104BD /* mat.hpp */,
				F8AC163319B0A82B004104BD /* operations.hpp */,
				F8AC163419B0A82B004104BD /* types_c.h */,
				F8AC163519B0A82B004104BD /* version.hpp */,
				F8AC163619B0A82B004104BD /* wimage.hpp */,
			);
			path = core;
			sourceTree = "<group>";
		};
		F8AC163719B0A82B004104BD /* features2d */ = {
			isa = PBXGroup;
			children = (
				F8AC163819B0A82B004104BD /* features2d.hpp */,
			);
			path = features2d;
			sourceTree = "<group>";
		};
		F8AC163919B0A82B004104BD /* flann */ = {
			isa = PBXGroup;
			children = (
				F8AC163A19B0A82B004104BD /* all_indices.h */,
				F8AC163B19B0A82B004104BD /* allocator.h */,
				F8AC163C19B0A82B004104BD /* any.h */,
				F8AC163D19B0A82B004104BD /* autotuned_index.h */,
				F8AC163E19B0A82B004104BD /* composite_index.h */,
				F8AC163F19B0A82B004104BD /* config.h */,
				F8AC164019B0A82B004104BD /* defines.h */,
				F8AC164119B0A82B004104BD /* dist.h */,
				F8AC164219B0A82B004104BD /* dummy.h */,
				F8AC164319B0A82B004104BD /* dynamic_bitset.h */,
				F8AC164419B0A82B004104BD /* flann.hpp */,
				F8AC164519B0A82B004104BD /* flann_base.hpp */,
				F8AC164619B0A82B004104BD /* general.h */,
				F8AC164719B0A82B004104BD /* ground_truth.h */,
				F8AC164819B0A82B004104BD /* hdf5.h */,
				F8AC164919B0A82B004104BD /* heap.h */,
				F8AC164A19B0A82B004104BD /* hierarchical_clustering_index.h */,
				F8AC164B19B0A82B004104BD /* index_testing.h */,
				F8AC164C19B0A82B004104BD /* kdtree_index.h */,
				F8AC164D19B0A82B004104BD /* kdtree_single_index.h */,
				F8AC164E19B0A82B004104BD /* kmeans_index.h */,
				F8AC164F19B0A82B004104BD /* linear_index.h */,
				F8AC165019B0A82B004104BD /* logger.h */,
				F8AC165119B0A82B004104BD /* lsh_index.h */,
				F8AC165219B0A82B004104BD /* lsh_table.h */,
				F8AC165319B0A82B004104BD /* matrix.h */,
				F8AC165419B0A82B004104BD /* miniflann.hpp */,
				F8AC165519B0A82B004104BD /* nn_index.h */,
				F8AC165619B0A82B004104BD /* object_factory.h */,
				F8AC165719B0A82B004104BD /* params.h */,
				F8AC165819B0A82B004104BD /* random.h */,
				F8AC165919B0A82B004104BD /* result_set.h */,
				F8AC165A19B0A82B004104BD /* sampling.h */,
				F8AC165B19B0A82B004104BD /* saving.h */,
				F8AC165C19B0A82B004104BD /* simplex_downhill.h */,
				F8AC165D19B0A82B004104BD /* timer.h */,
			);
			path = flann;
			sourceTree = "<group>";
		};
		F8AC165E19B0A82B004104BD /* gpu */ = {
			isa = PBXGroup;
			children = (
				F8AC165F19B0A82B004104BD /* devmem2d.hpp */,
				F8AC166019B0A82B004104BD /* gpu.hpp */,
				F8AC166119B0A82B004104BD /* gpumat.hpp */,
				F8AC166219B0A82B004104BD /* matrix_operations.hpp */,
				F8AC166319B0A82B004104BD /* stream_accessor.hpp */,
			);
			path = gpu;
			sourceTree = "<group>";
		};
		F8AC166419B0A82B004104BD /* highgui */ = {
			isa = PBXGroup;
			children = (
				F8AC166519B0A82B004104BD /* highgui.hpp */,
				F8AC166619B0A82B004104BD /* highgui_c.h */,
			);
			path = highgui;
			sourceTree = "<group>";
		};
		F8AC166719B0A82B004104BD /* imgproc */ = {
			isa = PBXGroup;
			children = (
				F8AC166819B0A82B004104BD /* imgproc.hpp */,
				F8AC166919B0A82B004104BD /* imgproc_c.h */,
				F8AC166A19B0A82B004104BD /* types_c.h */,
			);
			path = imgproc;
			sourceTree = "<group>";
		};
		F8AC166B19B0A82B004104BD /* legacy */ = {
			isa = PBXGroup;
			children = (
				F8AC166C19B0A82B004104BD /* blobtrack.hpp */,
				F8AC166D19B0A82B004104BD /* compat.hpp */,
				F8AC166E19B0A82B004104BD /* legacy.hpp */,
				F8AC166F19B0A82B004104BD /* streams.hpp */,
			);
			path = legacy;
			sourceTree = "<group>";
		};
		F8AC167019B0A82B004104BD /* ml */ = {
			isa = PBXGroup;
			children = (
				F8AC167119B0A82B004104BD /* ml.hpp */,
			);
			path = ml;
			sourceTree = "<group>";
		};
		F8AC167219B0A82B004104BD /* objdetect */ = {
			isa = PBXGroup;
			children = (
				F8AC167319B0A82B004104BD /* objdetect.hpp */,
			);
			path = objdetect;
			sourceTree = "<group>";
		};
		F8AC167519B0A82B004104BD /* ts */ = {
			isa = PBXGroup;
			children = (
				F8AC167619B0A82B004104BD /* ts.hpp */,
				F8AC167719B0A82B004104BD /* ts_gtest.h */,
			);
			path = ts;
			sourceTree = "<group>";
		};
		F8AC167819B0A82B004104BD /* video */ = {
			isa = PBXGroup;
			children = (
				F8AC167919B0A82B004104BD /* background_segm.hpp */,
				F8AC167A19B0A82B004104BD /* tracking.hpp */,
				F8AC167B19B0A82B004104BD /* video.hpp */,
			);
			path = video;
			sourceTree = "<group>";
		};
		F8AC167C19B0A82B004104BD /* lib */ = {
			isa = PBXGroup;
			children = (
				F8AC167D19B0A82B004104BD /* ios */,
				F8AC168B19B0A82B004104BD /* osx */,
			);
			path = lib;
			sourceTree = "<group>";
		};
		F8AC167D19B0A82B004104BD /* ios */ = {
			isa = PBXGroup;
			children = (
				F8AC167E19B0A82B004104BD /* opencv_calib3d.a */,
				F8AC167F19B0A82B004104BD /* opencv_contrib.a */,
				F8AC168019B0A82B004104BD /* opencv_core.a */,
				F8AC168119B0A82B004104BD /* opencv_features2d.a */,
				F8AC168219B0A82B004104BD /* opencv_flann.a */,
				F8AC168319B0A82B004104BD /* opencv_gpu.a */,
				F8AC168419B0A82B004104BD /* opencv_highgui.a */,
				F8AC168519B0A82B004104BD /* opencv_imgproc.a */,
				F8AC168619B0A82B004104BD /* opencv_legacy.a */,
				F8AC168719B0A82B004104BD /* opencv_ml.a */,
				F8AC168819B0A82B004104BD /* opencv_objdetect.a */,
				F8AC168919B0A82B004104BD /* opencv_video.a */,
				F8AC168A19B0A82B004104BD /* zlib.a */,
			);
			path = ios;
			sourceTree = "<group>";
		};
		F8AC168B19B0A82B004104BD /* osx */ = {
			isa = PBXGroup;
			children = (
				F8AC168C19B0A82B004104BD /* opencv.a */,
			);
			path = osx;
			sourceTree = "<group>";
		};
		F8AC168D19B0A82B004104BD /* src */ = {
			isa = PBXGroup;
			children = (
				F8AC168E19B0A82B004104BD /* ofxCvBlob.h */,
				F8AC168F19B0A82B004104BD /* ofxCvColorImage.cpp */,
				F8AC169019B0A82B004104BD /* ofxCvColorImage.h */,
				F8AC169119B0A82B004104BD /* ofxCvConstants.h */,
				F8AC169219B0A82B004104BD /* ofxCvContourFinder.cpp */,
				F8AC169319B0A82B004104BD /* ofxCvContourFinder.h */,
				F8AC169419B0A82B004104BD /* ofxCvFloatImage.cpp */,
				F8AC169519B0A82B004104BD /* ofxCvFloatImage.h */,
				F8AC169619B0A82B004104BD /* ofxCvGrayscaleImage.cpp */,
				F8AC169719B0A82B004104BD /* ofxCvGrayscaleImage.h */,
				F8AC169819B0A82B004104BD /* ofxCvHaarFinder.cpp */,
				F8AC169919B0A82B004104BD /* ofxCvHaarFinder.h */,
				F8AC169A19B0A82B004104BD /* ofxCvImage.cpp */,
				F8AC169B19B0A82B004104BD /* ofxCvImage.h */,
				F8AC169C19B0A82B004104BD /* ofxCvShortImage.cpp */,
				F8AC169D19B0A82B004104BD /* ofxCvShortImage.h */,
				F8AC169E19B0A82B004104BD /* ofxOpenCv.h */,
			);
			path = src;
			sourceTree = "<group>";
		};
		FA7DE18CAD263BF5D191DB1B /* include */ = {
			isa = PBXGroup;
			children = (
				E98B41DCE24F6EE3FAFB16AE /* FaceTracker */,
			);
			name = include;
			sourceTree = "<group>";
		};
		FEA273413D5AFD9607F56ABE /* CLD */ = {
			isa = PBXGroup;
			children = (
				820102E51B125101D727B3CC /* ETF.h */,
				CC455256CE0ECFE328853737 /* fdog.h */,
				DB0CD4C938C079DCD67222FE /* imatrix.h */,
				FE15469185A3A49FEC9D2292 /* myvec.h */,
			);
			name = CLD;
			sourceTree = "<group>";
		};
/* End PBXGroup section */

/* Begin PBXNativeTarget section */
		1D6058900D05DD3D006BFB54 /* faceScrambleiOS */ = {
			isa = PBXNativeTarget;
			buildConfigurationList = 1D6058960D05DD3E006BFB54 /* Build configuration list for PBXNativeTarget "faceScrambleiOS" */;
			buildPhases = (
				1D60588D0D05DD3D006BFB54 /* Resources */,
				1D60588E0D05DD3D006BFB54 /* Sources */,
				1D60588F0D05DD3D006BFB54 /* Frameworks */,
				9255DD331112741900D6945E /* ShellScript */,
			);
			buildRules = (
			);
			dependencies = (
				E41D410413B3A11300A75A5D /* PBXTargetDependency */,
			);
			name = faceScrambleiOS;
			productName = iPhone;
			productReference = 1D6058910D05DD3D006BFB54 /* faceScrambleiOS.app */;
			productType = "com.apple.product-type.application";
		};
/* End PBXNativeTarget section */

/* Begin PBXProject section */
		29B97313FDCFA39411CA2CEA /* Project object */ = {
			isa = PBXProject;
			attributes = {
				LastUpgradeCheck = 0460;
			};
			buildConfigurationList = C01FCF4E08A954540054247B /* Build configuration list for PBXProject "faceScrambleiOS" */;
			compatibilityVersion = "Xcode 3.2";
			developmentRegion = English;
			hasScannedForEncodings = 1;
			knownRegions = (
				English,
				Japanese,
				French,
				German,
			);
			mainGroup = 29B97314FDCFA39411CA2CEA /* CustomTemplate */;
			projectDirPath = "";
			projectReferences = (
				{
					ProductGroup = E41D40FE13B3A0D800A75A5D /* Products */;
					ProjectRef = E41D40FD13B3A0D800A75A5D /* iOS+OFLib.xcodeproj */;
				},
			);
			projectRoot = "";
			targets = (
				1D6058900D05DD3D006BFB54 /* faceScrambleiOS */,
			);
		};
/* End PBXProject section */

/* Begin PBXReferenceProxy section */
		E41D410213B3A0D800A75A5D /* libofxiOS_iphoneos_Debug.a */ = {
			isa = PBXReferenceProxy;
			fileType = archive.ar;
			path = libofxiOS_iphoneos_Debug.a;
			remoteRef = E41D410113B3A0D800A75A5D /* PBXContainerItemProxy */;
			sourceTree = BUILT_PRODUCTS_DIR;
		};
/* End PBXReferenceProxy section */

/* Begin PBXResourcesBuildPhase section */
		1D60588D0D05DD3D006BFB54 /* Resources */ = {
			isa = PBXResourcesBuildPhase;
			buildActionMask = 2147483647;
			files = (
				F8AC169F19B0A82B004104BD /* addon_config.mk in Resources */,
				E41D3ED713B38FB500A75A5D /* Project.xcconfig in Resources */,
				E41D3EE613B3906D00A75A5D /* CoreOF.xcconfig in Resources */,
				678E130817951530005B6D19 /* Icon@2x.png in Resources */,
				678E130A17951536005B6D19 /* Icon.png in Resources */,
				678E130C1795153C005B6D19 /* Default.png in Resources */,
				678E130E17951540005B6D19 /* Default@2x.png in Resources */,
				678E131017951549005B6D19 /* Default-568h@2x~iphone.png in Resources */,
			);
			runOnlyForDeploymentPostprocessing = 0;
		};
/* End PBXResourcesBuildPhase section */

/* Begin PBXShellScriptBuildPhase section */
		9255DD331112741900D6945E /* ShellScript */ = {
			isa = PBXShellScriptBuildPhase;
			buildActionMask = 2147483647;
			files = (
			);
			inputPaths = (
			);
			outputPaths = (
			);
			runOnlyForDeploymentPostprocessing = 0;
			shellPath = /bin/sh;
			shellScript = "cp -rf bin/data/ \"$TARGET_BUILD_DIR/$PRODUCT_NAME.app\"\n";
		};
/* End PBXShellScriptBuildPhase section */

/* Begin PBXSourcesBuildPhase section */
		1D60588E0D05DD3D006BFB54 /* Sources */ = {
			isa = PBXSourcesBuildPhase;
			buildActionMask = 2147483647;
			files = (
				E4D8936E11527B74007E1F53 /* main.mm in Sources */,
				E4D8936F11527B74007E1F53 /* ofApp.mm in Sources */,
				F8AC16B019B0A82B004104BD /* ofxCvFloatImage.cpp in Sources */,
				B6840996567E78436F7ECFAB /* ETF.cpp in Sources */,
				F76B4A79BD8DE4854141CB47 /* fdog.cpp in Sources */,
				EBCDE831EFAE08274E799C97 /* Calibration.cpp in Sources */,
				F8AC16AE19B0A82B004104BD /* ofxCvColorImage.cpp in Sources */,
				6AABAB39E82AF5CFEA23A205 /* ContourFinder.cpp in Sources */,
				F8AC16B319B0A82B004104BD /* ofxCvImage.cpp in Sources */,
				45CC483A999BF1065A6B926C /* Distance.cpp in Sources */,
				5CC34D433F5806179935B89D /* Flow.cpp in Sources */,
				2023EF517ED2D8B397511D4B /* Helpers.cpp in Sources */,
				311DF864378748129984EA1D /* Kalman.cpp in Sources */,
				F8AC16AF19B0A82B004104BD /* ofxCvContourFinder.cpp in Sources */,
				C602002DE761F9B52DB4400A /* ObjectFinder.cpp in Sources */,
				7CDAD32BE4FA46701E3552C7 /* RunningBackground.cpp in Sources */,
				10B69DE456AED1288FC9316B /* Tracker.cpp in Sources */,
				A6668C5B1272D7FCD5B5A16F /* Utilities.cpp in Sources */,
				DBCB84A37F9AECC254870D79 /* Wrappers.cpp in Sources */,
				F451166A6C72528F3F009F6C /* Expression.cpp in Sources */,
				8AC885FBC5325950337592D2 /* ExpressionClassifier.cpp in Sources */,
				F8AC16B419B0A82B004104BD /* ofxCvShortImage.cpp in Sources */,
				24735CD2E138DC5C1F0A1085 /* ofxFaceTracker.cpp in Sources */,
				F8AC16B219B0A82B004104BD /* ofxCvHaarFinder.cpp in Sources */,
				80AE40254BBE0F03C25563C1 /* CLM.cc in Sources */,
				F8AC16B119B0A82B004104BD /* ofxCvGrayscaleImage.cpp in Sources */,
				9F4DA577D30F7B7CA7B8E5F8 /* FCheck.cc in Sources */,
				6E23C8DD86B189759F85B24F /* FDet.cc in Sources */,
				DE44164709810C299EAAB202 /* IO.cc in Sources */,
				4F02F4D92C36436C945A6716 /* Patch.cc in Sources */,
				091CD626FECB03B3A6B3A1B2 /* PAW.cc in Sources */,
				E6E21460246219EE9394310F /* PDM.cc in Sources */,
				E43C5A4AB73C09290F70362D /* Tracker.cc in Sources */,
			);
			runOnlyForDeploymentPostprocessing = 0;
		};
/* End PBXSourcesBuildPhase section */

/* Begin PBXTargetDependency section */
		E41D410413B3A11300A75A5D /* PBXTargetDependency */ = {
			isa = PBXTargetDependency;
			name = "iPhone+OF Static Library";
			targetProxy = E41D410313B3A11300A75A5D /* PBXContainerItemProxy */;
		};
/* End PBXTargetDependency section */

/* Begin XCBuildConfiguration section */
		1D6058940D05DD3E006BFB54 /* Debug */ = {
			isa = XCBuildConfiguration;
			buildSettings = {
				ALWAYS_SEARCH_USER_PATHS = NO;
				GCC_PRECOMPILE_PREFIX_HEADER = YES;
				GCC_PREFIX_HEADER = ofxiOS_Prefix.pch;
				INFOPLIST_FILE = "ofxiOS-Info.plist";
				IPHONEOS_DEPLOYMENT_TARGET = 7.1;
				LIBRARY_SEARCH_PATHS = (
					"$(inherited)",
					/Users/mty1245/of_v0.8.1_ios_release/addons/ofxOpenCv/libs/opencv/lib/ios,
					/Users/mty1245/of_v0.8.1_ios_release/addons/ofxOpenCv/libs/opencv/lib/osx,
					"$(PROJECT_DIR)/ofxOpenCv/libs/opencv/lib/ios",
					"$(PROJECT_DIR)/ofxOpenCv/libs/opencv/lib/osx",
				);
				PRODUCT_NAME = "${TARGET_NAME}";
				TARGETED_DEVICE_FAMILY = 1;
				VALID_ARCHS = "armv6 armv7";
			};
			name = Debug;
		};
		1D6058950D05DD3E006BFB54 /* Release */ = {
			isa = XCBuildConfiguration;
			buildSettings = {
				GCC_PRECOMPILE_PREFIX_HEADER = YES;
				GCC_PREFIX_HEADER = ofxiOS_Prefix.pch;
				INFOPLIST_FILE = "ofxiOS-Info.plist";
				IPHONEOS_DEPLOYMENT_TARGET = 7.1;
				LIBRARY_SEARCH_PATHS = (
					"$(inherited)",
					/Users/mty1245/of_v0.8.1_ios_release/addons/ofxOpenCv/libs/opencv/lib/ios,
					/Users/mty1245/of_v0.8.1_ios_release/addons/ofxOpenCv/libs/opencv/lib/osx,
					"$(PROJECT_DIR)/ofxOpenCv/libs/opencv/lib/ios",
					"$(PROJECT_DIR)/ofxOpenCv/libs/opencv/lib/osx",
				);
				PRODUCT_NAME = "${TARGET_NAME}";
				TARGETED_DEVICE_FAMILY = 1;
				VALID_ARCHS = "armv6 armv7";
			};
			name = Release;
		};
		C01FCF4F08A954540054247B /* Debug */ = {
			isa = XCBuildConfiguration;
			baseConfigurationReference = E41D3ED613B38FB500A75A5D /* Project.xcconfig */;
			buildSettings = {
				ALWAYS_SEARCH_USER_PATHS = YES;
				ARCHS = "$(ARCHS_STANDARD_32_BIT)";
				CLANG_CXX_LIBRARY = "libstdc++";
				CODE_SIGN_IDENTITY = "";
				"CODE_SIGN_IDENTITY[sdk=iphoneos*]" = "iPhone Developer";
				COMPRESS_PNG_FILES = NO;
				GCC_C_LANGUAGE_STANDARD = c99;
				GCC_OPTIMIZATION_LEVEL = 0;
				GCC_SYMBOLS_PRIVATE_EXTERN = NO;
				GCC_WARN_ABOUT_INVALID_OFFSETOF_MACRO = NO;
				GCC_WARN_ABOUT_POINTER_SIGNEDNESS = NO;
				GCC_WARN_ABOUT_RETURN_TYPE = YES;
				GCC_WARN_ALLOW_INCOMPLETE_PROTOCOL = NO;
				GCC_WARN_PROTOTYPE_CONVERSION = NO;
				GCC_WARN_UNUSED_VARIABLE = YES;
				HEADER_SEARCH_PATHS = (
					"$(OF_CORE_HEADERS)",
					../../../addons/ofxCv/libs,
					../../../addons/ofxCv/libs/CLD,
					../../../addons/ofxCv/libs/CLD/include,
					../../../addons/ofxCv/libs/CLD/include/CLD,
					../../../addons/ofxCv/libs/CLD/src,
					../../../addons/ofxCv/libs/ofxCv,
					../../../addons/ofxCv/libs/ofxCv/include,
					../../../addons/ofxCv/libs/ofxCv/include/ofxCv,
					../../../addons/ofxCv/libs/ofxCv/src,
					../../../addons/ofxCv/src,
					../../../addons/ofxFaceTracker/libs,
					../../../addons/ofxFaceTracker/libs/FaceTracker,
					../../../addons/ofxFaceTracker/libs/FaceTracker/include,
					../../../addons/ofxFaceTracker/libs/FaceTracker/include/FaceTracker,
					../../../addons/ofxFaceTracker/libs/FaceTracker/model,
					../../../addons/ofxFaceTracker/libs/FaceTracker/src,
					../../../addons/ofxFaceTracker/libs/FaceTracker/src/lib,
					../../../addons/ofxFaceTracker/src,
					../../../addons/ofxOpenCv/libs,
					../../../addons/ofxOpenCv/libs/opencv/include,
					../../../addons/ofxOpenCv/libs/opencv/include/opencv2,
					../../../addons/ofxOpenCv/libs/opencv/include/opencv,
					../../../addons/ofxOpenCv/libs/opencv/lib/osx,
					../../../addons/ofxOpenCv/libs/opencv/lib/ios,
					../../../addons/ofxOpenCv/libs/opencv/lib,
					../../../addons/ofxOpenCv/libs/opencv/lib,
					../../../addons/ofxOpenCv/src,
				);
				IPHONEOS_DEPLOYMENT_TARGET = 3.1;
				ONLY_ACTIVE_ARCH = NO;
				OTHER_LDFLAGS = (
					"$(OF_CORE_LIBS)",
					../../../addons/ofxOpenCv/libs/opencv/lib/ios/opencv_calib3d.a,
					../../../addons/ofxOpenCv/libs/opencv/lib/ios/opencv_contrib.a,
					../../../addons/ofxOpenCv/libs/opencv/lib/ios/opencv_core.a,
					../../../addons/ofxOpenCv/libs/opencv/lib/ios/opencv_features2d.a,
					../../../addons/ofxOpenCv/libs/opencv/lib/ios/opencv_flann.a,
					../../../addons/ofxOpenCv/libs/opencv/lib/ios/opencv_gpu.a,
					../../../addons/ofxOpenCv/libs/opencv/lib/ios/opencv_highgui.a,
					../../../addons/ofxOpenCv/libs/opencv/lib/ios/opencv_imgproc.a,
					../../../addons/ofxOpenCv/libs/opencv/lib/ios/opencv_legacy.a,
					../../../addons/ofxOpenCv/libs/opencv/lib/ios/opencv_ml.a,
					../../../addons/ofxOpenCv/libs/opencv/lib/ios/opencv_objdetect.a,
					../../../addons/ofxOpenCv/libs/opencv/lib/ios/opencv_video.a,
					../../../addons/ofxOpenCv/libs/opencv/lib/ios/zlib.a,
				);
				"PROVISIONING_PROFILE[sdk=iphoneos*]" = "";
				SDKROOT = iphoneos;
				TARGETED_DEVICE_FAMILY = 1;
				WARNING_LDFLAGS = "-no_arch_warnings";
			};
			name = Debug;
		};
		C01FCF5008A954540054247B /* Release */ = {
			isa = XCBuildConfiguration;
			baseConfigurationReference = E41D3ED613B38FB500A75A5D /* Project.xcconfig */;
			buildSettings = {
				ALWAYS_SEARCH_USER_PATHS = YES;
				ARCHS = "$(ARCHS_STANDARD_32_BIT)";
				CLANG_CXX_LIBRARY = "libstdc++";
				CODE_SIGN_IDENTITY = "";
				"CODE_SIGN_IDENTITY[sdk=iphoneos*]" = "iPhone Developer";
				COMPRESS_PNG_FILES = NO;
				GCC_C_LANGUAGE_STANDARD = c99;
				GCC_DYNAMIC_NO_PIC = YES;
				GCC_GENERATE_DEBUGGING_SYMBOLS = NO;
				GCC_OPTIMIZATION_LEVEL = 3;
				GCC_SYMBOLS_PRIVATE_EXTERN = NO;
				GCC_THUMB_SUPPORT = NO;
				GCC_WARN_ABOUT_RETURN_TYPE = YES;
				GCC_WARN_UNUSED_VARIABLE = YES;
				HEADER_SEARCH_PATHS = (
					"$(OF_CORE_HEADERS)",
					../../../addons/ofxCv/libs,
					../../../addons/ofxCv/libs/CLD,
					../../../addons/ofxCv/libs/CLD/include,
					../../../addons/ofxCv/libs/CLD/include/CLD,
					../../../addons/ofxCv/libs/CLD/src,
					../../../addons/ofxCv/libs/ofxCv,
					../../../addons/ofxCv/libs/ofxCv/include,
					../../../addons/ofxCv/libs/ofxCv/include/ofxCv,
					../../../addons/ofxCv/libs/ofxCv/src,
					../../../addons/ofxCv/src,
					../../../addons/ofxFaceTracker/libs,
					../../../addons/ofxFaceTracker/libs/FaceTracker,
					../../../addons/ofxFaceTracker/libs/FaceTracker/include,
					../../../addons/ofxFaceTracker/libs/FaceTracker/include/FaceTracker,
					../../../addons/ofxFaceTracker/libs/FaceTracker/model,
					../../../addons/ofxFaceTracker/libs/FaceTracker/src,
					../../../addons/ofxFaceTracker/libs/FaceTracker/src/lib,
					../../../addons/ofxFaceTracker/src,
					../../../addons/ofxOpenCv/libs,
					../../../addons/ofxOpenCv/libs/opencv/include,
					../../../addons/ofxOpenCv/libs/opencv/include/opencv2,
					../../../addons/ofxOpenCv/libs/opencv/include/opencv,
					../../../addons/ofxOpenCv/libs/opencv/lib/osx,
					../../../addons/ofxOpenCv/libs/opencv/lib/ios,
					../../../addons/ofxOpenCv/libs/opencv/lib,
					../../../addons/ofxOpenCv/libs/opencv/lib,
					../../../addons/ofxOpenCv/src,
				);
				IPHONEOS_DEPLOYMENT_TARGET = 3.1;
				ONLY_ACTIVE_ARCH = NO;
				OTHER_LDFLAGS = (
					"$(OF_CORE_LIBS)",
					../../../addons/ofxOpenCv/libs/opencv/lib/ios/opencv_calib3d.a,
					../../../addons/ofxOpenCv/libs/opencv/lib/ios/opencv_contrib.a,
					../../../addons/ofxOpenCv/libs/opencv/lib/ios/opencv_core.a,
					../../../addons/ofxOpenCv/libs/opencv/lib/ios/opencv_features2d.a,
					../../../addons/ofxOpenCv/libs/opencv/lib/ios/opencv_flann.a,
					../../../addons/ofxOpenCv/libs/opencv/lib/ios/opencv_gpu.a,
					../../../addons/ofxOpenCv/libs/opencv/lib/ios/opencv_highgui.a,
					../../../addons/ofxOpenCv/libs/opencv/lib/ios/opencv_imgproc.a,
					../../../addons/ofxOpenCv/libs/opencv/lib/ios/opencv_legacy.a,
					../../../addons/ofxOpenCv/libs/opencv/lib/ios/opencv_ml.a,
					../../../addons/ofxOpenCv/libs/opencv/lib/ios/opencv_objdetect.a,
					../../../addons/ofxOpenCv/libs/opencv/lib/ios/opencv_video.a,
					../../../addons/ofxOpenCv/libs/opencv/lib/ios/zlib.a,
				);
				SDKROOT = iphoneos;
				TARGETED_DEVICE_FAMILY = 1;
				WARNING_LDFLAGS = "-no_arch_warnings";
			};
			name = Release;
		};
/* End XCBuildConfiguration section */

/* Begin XCConfigurationList section */
		1D6058960D05DD3E006BFB54 /* Build configuration list for PBXNativeTarget "faceScrambleiOS" */ = {
			isa = XCConfigurationList;
			buildConfigurations = (
				1D6058940D05DD3E006BFB54 /* Debug */,
				1D6058950D05DD3E006BFB54 /* Release */,
			);
			defaultConfigurationIsVisible = 0;
			defaultConfigurationName = Debug;
		};
		C01FCF4E08A954540054247B /* Build configuration list for PBXProject "faceScrambleiOS" */ = {
			isa = XCConfigurationList;
			buildConfigurations = (
				C01FCF4F08A954540054247B /* Debug */,
				C01FCF5008A954540054247B /* Release */,
			);
			defaultConfigurationIsVisible = 0;
			defaultConfigurationName = Debug;
		};
/* End XCConfigurationList section */
	};
	rootObject = 29B97313FDCFA39411CA2CEA /* Project object */;
}
